// !$*UTF8*$!
{
	archiveVersion = 1;
	classes = {
	};
	objectVersion = 56;
	objects = {

/* Begin PBXBuildFile section */
		6D53F28A2B33221F00A87B31 /* TitleView.swift in Sources */ = {isa = PBXBuildFile; fileRef = 6D53F2892B33221F00A87B31 /* TitleView.swift */; };
		6D53F28C2B3322B800A87B31 /* ProductModel.swift in Sources */ = {isa = PBXBuildFile; fileRef = 6D53F28B2B3322B800A87B31 /* ProductModel.swift */; };
		6D53F28E2B33230800A87B31 /* ProductItemView.swift in Sources */ = {isa = PBXBuildFile; fileRef = 6D53F28D2B33230800A87B31 /* ProductItemView.swift */; };
		6D53F2902B3326FD00A87B31 /* BrandModel.swift in Sources */ = {isa = PBXBuildFile; fileRef = 6D53F28F2B3326FD00A87B31 /* BrandModel.swift */; };
		6D53F2922B33273000A87B31 /* BrandItemView.swift in Sources */ = {isa = PBXBuildFile; fileRef = 6D53F2912B33273000A87B31 /* BrandItemView.swift */; };
		6D53F2942B3327C400A87B31 /* BrandGridView.swift in Sources */ = {isa = PBXBuildFile; fileRef = 6D53F2932B3327C400A87B31 /* BrandGridView.swift */; };
		6D53F2962B33293E00A87B31 /* ProductDetailView.swift in Sources */ = {isa = PBXBuildFile; fileRef = 6D53F2952B33293E00A87B31 /* ProductDetailView.swift */; };
		6D53F2982B3329F100A87B31 /* NavigationBarDetailView.swift in Sources */ = {isa = PBXBuildFile; fileRef = 6D53F2972B3329F100A87B31 /* NavigationBarDetailView.swift */; };
		6D53F29A2B332B5000A87B31 /* HeaderDetailView.swift in Sources */ = {isa = PBXBuildFile; fileRef = 6D53F2992B332B5000A87B31 /* HeaderDetailView.swift */; };
		6D53F29C2B332D1500A87B31 /* TopPartDetailView.swift in Sources */ = {isa = PBXBuildFile; fileRef = 6D53F29B2B332D1500A87B31 /* TopPartDetailView.swift */; };
		6D53F29E2B332EC600A87B31 /* CustomShape.swift in Sources */ = {isa = PBXBuildFile; fileRef = 6D53F29D2B332EC600A87B31 /* CustomShape.swift */; };
		6D53F2A02B332FE200A87B31 /* RatingsSizesDetailView.swift in Sources */ = {isa = PBXBuildFile; fileRef = 6D53F29F2B332FE200A87B31 /* RatingsSizesDetailView.swift */; };
		6D53F2A22B33320900A87B31 /* QuantityFavoriteDetailView.swift in Sources */ = {isa = PBXBuildFile; fileRef = 6D53F2A12B33320900A87B31 /* QuantityFavoriteDetailView.swift */; };
		6D53F2A42B3332FE00A87B31 /* AddToCartDetailView.swift in Sources */ = {isa = PBXBuildFile; fileRef = 6D53F2A32B3332FE00A87B31 /* AddToCartDetailView.swift */; };
		6D53F2A62B3333D000A87B31 /* Shop.swift in Sources */ = {isa = PBXBuildFile; fileRef = 6D53F2A52B3333D000A87B31 /* Shop.swift */; };
		6D62233B2B31DB9700B74CC5 /* TouchdownApp.swift in Sources */ = {isa = PBXBuildFile; fileRef = 6D62233A2B31DB9700B74CC5 /* TouchdownApp.swift */; };
		6D62233D2B31DB9700B74CC5 /* ContentView.swift in Sources */ = {isa = PBXBuildFile; fileRef = 6D62233C2B31DB9700B74CC5 /* ContentView.swift */; };
		6D62233F2B31DB9800B74CC5 /* Assets.xcassets in Resources */ = {isa = PBXBuildFile; fileRef = 6D62233E2B31DB9800B74CC5 /* Assets.xcassets */; };
		6D6223422B31DB9800B74CC5 /* Preview Assets.xcassets in Resources */ = {isa = PBXBuildFile; fileRef = 6D6223412B31DB9800B74CC5 /* Preview Assets.xcassets */; };
		6D62234D2B31DD0400B74CC5 /* category.json in Resources */ = {isa = PBXBuildFile; fileRef = 6D6223492B31DD0400B74CC5 /* category.json */; };
		6D62234E2B31DD0400B74CC5 /* product.json in Resources */ = {isa = PBXBuildFile; fileRef = 6D62234A2B31DD0400B74CC5 /* product.json */; };
		6D62234F2B31DD0400B74CC5 /* brand.json in Resources */ = {isa = PBXBuildFile; fileRef = 6D62234B2B31DD0400B74CC5 /* brand.json */; };
		6D6223502B31DD0400B74CC5 /* player.json in Resources */ = {isa = PBXBuildFile; fileRef = 6D62234C2B31DD0400B74CC5 /* player.json */; };
		6D62235C2B31DDE000B74CC5 /* Constant.swift in Sources */ = {isa = PBXBuildFile; fileRef = 6D62235B2B31DDE000B74CC5 /* Constant.swift */; };
		6D62235E2B31DE3E00B74CC5 /* FooterView.swift in Sources */ = {isa = PBXBuildFile; fileRef = 6D62235D2B31DE3E00B74CC5 /* FooterView.swift */; };
		6D6223602B31DF4800B74CC5 /* NavigationBarView.swift in Sources */ = {isa = PBXBuildFile; fileRef = 6D62235F2B31DF4800B74CC5 /* NavigationBarView.swift */; };
		6D6223622B31E01600B74CC5 /* LogoView.swift in Sources */ = {isa = PBXBuildFile; fileRef = 6D6223612B31E01600B74CC5 /* LogoView.swift */; };
		6D6223642B31E25F00B74CC5 /* PlayerModel.swift in Sources */ = {isa = PBXBuildFile; fileRef = 6D6223632B31E25F00B74CC5 /* PlayerModel.swift */; };
		6D6223662B31E28700B74CC5 /* CodableBundleExtension.swift in Sources */ = {isa = PBXBuildFile; fileRef = 6D6223652B31E28700B74CC5 /* CodableBundleExtension.swift */; };
		6D6223682B31E32400B74CC5 /* FeaturedItemView.swift in Sources */ = {isa = PBXBuildFile; fileRef = 6D6223672B31E32400B74CC5 /* FeaturedItemView.swift */; };
		6D62236A2B31E38A00B74CC5 /* FeaturedTabView.swift in Sources */ = {isa = PBXBuildFile; fileRef = 6D6223692B31E38A00B74CC5 /* FeaturedTabView.swift */; };
		6D62236C2B32239D00B74CC5 /* CategoryModel.swift in Sources */ = {isa = PBXBuildFile; fileRef = 6D62236B2B32239D00B74CC5 /* CategoryModel.swift */; };
		6D62236E2B32244C00B74CC5 /* CategoryItemView.swift in Sources */ = {isa = PBXBuildFile; fileRef = 6D62236D2B32244C00B74CC5 /* CategoryItemView.swift */; };
		6D6223702B32253000B74CC5 /* CategoryGridView.swift in Sources */ = {isa = PBXBuildFile; fileRef = 6D62236F2B32253000B74CC5 /* CategoryGridView.swift */; };
		6D6223722B3225FE00B74CC5 /* SectionView.swift in Sources */ = {isa = PBXBuildFile; fileRef = 6D6223712B3225FE00B74CC5 /* SectionView.swift */; };
/* End PBXBuildFile section */

/* Begin PBXFileReference section */
		6D53F2892B33221F00A87B31 /* TitleView.swift */ = {isa = PBXFileReference; lastKnownFileType = sourcecode.swift; path = TitleView.swift; sourceTree = "<group>"; };
		6D53F28B2B3322B800A87B31 /* ProductModel.swift */ = {isa = PBXFileReference; lastKnownFileType = sourcecode.swift; path = ProductModel.swift; sourceTree = "<group>"; };
		6D53F28D2B33230800A87B31 /* ProductItemView.swift */ = {isa = PBXFileReference; lastKnownFileType = sourcecode.swift; path = ProductItemView.swift; sourceTree = "<group>"; };
		6D53F28F2B3326FD00A87B31 /* BrandModel.swift */ = {isa = PBXFileReference; lastKnownFileType = sourcecode.swift; path = BrandModel.swift; sourceTree = "<group>"; };
		6D53F2912B33273000A87B31 /* BrandItemView.swift */ = {isa = PBXFileReference; lastKnownFileType = sourcecode.swift; path = BrandItemView.swift; sourceTree = "<group>"; };
		6D53F2932B3327C400A87B31 /* BrandGridView.swift */ = {isa = PBXFileReference; lastKnownFileType = sourcecode.swift; path = BrandGridView.swift; sourceTree = "<group>"; };
		6D53F2952B33293E00A87B31 /* ProductDetailView.swift */ = {isa = PBXFileReference; lastKnownFileType = sourcecode.swift; path = ProductDetailView.swift; sourceTree = "<group>"; };
		6D53F2972B3329F100A87B31 /* NavigationBarDetailView.swift */ = {isa = PBXFileReference; lastKnownFileType = sourcecode.swift; path = NavigationBarDetailView.swift; sourceTree = "<group>"; };
		6D53F2992B332B5000A87B31 /* HeaderDetailView.swift */ = {isa = PBXFileReference; lastKnownFileType = sourcecode.swift; path = HeaderDetailView.swift; sourceTree = "<group>"; };
		6D53F29B2B332D1500A87B31 /* TopPartDetailView.swift */ = {isa = PBXFileReference; lastKnownFileType = sourcecode.swift; path = TopPartDetailView.swift; sourceTree = "<group>"; };
		6D53F29D2B332EC600A87B31 /* CustomShape.swift */ = {isa = PBXFileReference; lastKnownFileType = sourcecode.swift; path = CustomShape.swift; sourceTree = "<group>"; };
		6D53F29F2B332FE200A87B31 /* RatingsSizesDetailView.swift */ = {isa = PBXFileReference; lastKnownFileType = sourcecode.swift; path = RatingsSizesDetailView.swift; sourceTree = "<group>"; };
		6D53F2A12B33320900A87B31 /* QuantityFavoriteDetailView.swift */ = {isa = PBXFileReference; lastKnownFileType = sourcecode.swift; path = QuantityFavoriteDetailView.swift; sourceTree = "<group>"; };
		6D53F2A32B3332FE00A87B31 /* AddToCartDetailView.swift */ = {isa = PBXFileReference; lastKnownFileType = sourcecode.swift; path = AddToCartDetailView.swift; sourceTree = "<group>"; };
		6D53F2A52B3333D000A87B31 /* Shop.swift */ = {isa = PBXFileReference; lastKnownFileType = sourcecode.swift; path = Shop.swift; sourceTree = "<group>"; };
		6D6223372B31DB9700B74CC5 /* Touchdown.app */ = {isa = PBXFileReference; explicitFileType = wrapper.application; includeInIndex = 0; path = Touchdown.app; sourceTree = BUILT_PRODUCTS_DIR; };
		6D62233A2B31DB9700B74CC5 /* TouchdownApp.swift */ = {isa = PBXFileReference; lastKnownFileType = sourcecode.swift; path = TouchdownApp.swift; sourceTree = "<group>"; };
		6D62233C2B31DB9700B74CC5 /* ContentView.swift */ = {isa = PBXFileReference; lastKnownFileType = sourcecode.swift; path = ContentView.swift; sourceTree = "<group>"; };
		6D62233E2B31DB9800B74CC5 /* Assets.xcassets */ = {isa = PBXFileReference; lastKnownFileType = folder.assetcatalog; path = Assets.xcassets; sourceTree = "<group>"; };
		6D6223412B31DB9800B74CC5 /* Preview Assets.xcassets */ = {isa = PBXFileReference; lastKnownFileType = folder.assetcatalog; path = "Preview Assets.xcassets"; sourceTree = "<group>"; };
		6D6223482B31DBA400B74CC5 /* README.md */ = {isa = PBXFileReference; lastKnownFileType = net.daringfireball.markdown; path = README.md; sourceTree = "<group>"; };
		6D6223492B31DD0400B74CC5 /* category.json */ = {isa = PBXFileReference; fileEncoding = 4; lastKnownFileType = text.json; path = category.json; sourceTree = "<group>"; };
		6D62234A2B31DD0400B74CC5 /* product.json */ = {isa = PBXFileReference; fileEncoding = 4; lastKnownFileType = text.json; path = product.json; sourceTree = "<group>"; };
		6D62234B2B31DD0400B74CC5 /* brand.json */ = {isa = PBXFileReference; fileEncoding = 4; lastKnownFileType = text.json; path = brand.json; sourceTree = "<group>"; };
		6D62234C2B31DD0400B74CC5 /* player.json */ = {isa = PBXFileReference; fileEncoding = 4; lastKnownFileType = text.json; path = player.json; sourceTree = "<group>"; };
		6D6223532B31DD4F00B74CC5 /* Info.plist */ = {isa = PBXFileReference; lastKnownFileType = text.plist; path = Info.plist; sourceTree = "<group>"; };
		6D62235B2B31DDE000B74CC5 /* Constant.swift */ = {isa = PBXFileReference; lastKnownFileType = sourcecode.swift; path = Constant.swift; sourceTree = "<group>"; };
		6D62235D2B31DE3E00B74CC5 /* FooterView.swift */ = {isa = PBXFileReference; lastKnownFileType = sourcecode.swift; path = FooterView.swift; sourceTree = "<group>"; };
		6D62235F2B31DF4800B74CC5 /* NavigationBarView.swift */ = {isa = PBXFileReference; lastKnownFileType = sourcecode.swift; path = NavigationBarView.swift; sourceTree = "<group>"; };
		6D6223612B31E01600B74CC5 /* LogoView.swift */ = {isa = PBXFileReference; lastKnownFileType = sourcecode.swift; path = LogoView.swift; sourceTree = "<group>"; };
		6D6223632B31E25F00B74CC5 /* PlayerModel.swift */ = {isa = PBXFileReference; lastKnownFileType = sourcecode.swift; path = PlayerModel.swift; sourceTree = "<group>"; };
		6D6223652B31E28700B74CC5 /* CodableBundleExtension.swift */ = {isa = PBXFileReference; lastKnownFileType = sourcecode.swift; path = CodableBundleExtension.swift; sourceTree = "<group>"; };
		6D6223672B31E32400B74CC5 /* FeaturedItemView.swift */ = {isa = PBXFileReference; lastKnownFileType = sourcecode.swift; path = FeaturedItemView.swift; sourceTree = "<group>"; };
		6D6223692B31E38A00B74CC5 /* FeaturedTabView.swift */ = {isa = PBXFileReference; lastKnownFileType = sourcecode.swift; path = FeaturedTabView.swift; sourceTree = "<group>"; };
		6D62236B2B32239D00B74CC5 /* CategoryModel.swift */ = {isa = PBXFileReference; lastKnownFileType = sourcecode.swift; path = CategoryModel.swift; sourceTree = "<group>"; };
		6D62236D2B32244C00B74CC5 /* CategoryItemView.swift */ = {isa = PBXFileReference; lastKnownFileType = sourcecode.swift; path = CategoryItemView.swift; sourceTree = "<group>"; };
		6D62236F2B32253000B74CC5 /* CategoryGridView.swift */ = {isa = PBXFileReference; lastKnownFileType = sourcecode.swift; path = CategoryGridView.swift; sourceTree = "<group>"; };
		6D6223712B3225FE00B74CC5 /* SectionView.swift */ = {isa = PBXFileReference; lastKnownFileType = sourcecode.swift; path = SectionView.swift; sourceTree = "<group>"; };
/* End PBXFileReference section */

/* Begin PBXFrameworksBuildPhase section */
		6D6223342B31DB9700B74CC5 /* Frameworks */ = {
			isa = PBXFrameworksBuildPhase;
			buildActionMask = 2147483647;
			files = (
			);
			runOnlyForDeploymentPostprocessing = 0;
		};
/* End PBXFrameworksBuildPhase section */

/* Begin PBXGroup section */
		6D62232E2B31DB9700B74CC5 = {
			isa = PBXGroup;
			children = (
				6D6223482B31DBA400B74CC5 /* README.md */,
				6D6223392B31DB9700B74CC5 /* Touchdown */,
				6D6223382B31DB9700B74CC5 /* Products */,
			);
			sourceTree = "<group>";
		};
		6D6223382B31DB9700B74CC5 /* Products */ = {
			isa = PBXGroup;
			children = (
				6D6223372B31DB9700B74CC5 /* Touchdown.app */,
			);
			name = Products;
			sourceTree = "<group>";
		};
		6D6223392B31DB9700B74CC5 /* Touchdown */ = {
			isa = PBXGroup;
			children = (
				6D62235A2B31DDCE00B74CC5 /* Extension */,
				6D6223592B31DDC900B74CC5 /* Utility */,
				6D6223582B31DDBF00B74CC5 /* Model */,
				6D6223552B31DDAF00B74CC5 /* View */,
				6D6223532B31DD4F00B74CC5 /* Info.plist */,
				6D6223522B31DD2100B74CC5 /* Data */,
				6D6223542B31DDAA00B74CC5 /* App */,
				6D62233E2B31DB9800B74CC5 /* Assets.xcassets */,
				6D6223402B31DB9800B74CC5 /* Preview Content */,
			);
			path = Touchdown;
			sourceTree = "<group>";
		};
		6D6223402B31DB9800B74CC5 /* Preview Content */ = {
			isa = PBXGroup;
			children = (
				6D6223412B31DB9800B74CC5 /* Preview Assets.xcassets */,
			);
			path = "Preview Content";
			sourceTree = "<group>";
		};
		6D6223522B31DD2100B74CC5 /* Data */ = {
			isa = PBXGroup;
			children = (
				6D62234B2B31DD0400B74CC5 /* brand.json */,
				6D6223492B31DD0400B74CC5 /* category.json */,
				6D62234C2B31DD0400B74CC5 /* player.json */,
				6D62234A2B31DD0400B74CC5 /* product.json */,
			);
			path = Data;
			sourceTree = "<group>";
		};
		6D6223542B31DDAA00B74CC5 /* App */ = {
			isa = PBXGroup;
			children = (
				6D62233A2B31DB9700B74CC5 /* TouchdownApp.swift */,
				6D62233C2B31DB9700B74CC5 /* ContentView.swift */,
				6D53F2952B33293E00A87B31 /* ProductDetailView.swift */,
			);
			path = App;
			sourceTree = "<group>";
		};
		6D6223552B31DDAF00B74CC5 /* View */ = {
			isa = PBXGroup;
			children = (
				6D6223572B31DDB900B74CC5 /* Home */,
				6D6223562B31DDB500B74CC5 /* Detail */,
			);
			path = View;
			sourceTree = "<group>";
		};
		6D6223562B31DDB500B74CC5 /* Detail */ = {
			isa = PBXGroup;
			children = (
				6D53F2972B3329F100A87B31 /* NavigationBarDetailView.swift */,
				6D53F2992B332B5000A87B31 /* HeaderDetailView.swift */,
				6D53F29B2B332D1500A87B31 /* TopPartDetailView.swift */,
				6D53F29F2B332FE200A87B31 /* RatingsSizesDetailView.swift */,
				6D53F2A12B33320900A87B31 /* QuantityFavoriteDetailView.swift */,
				6D53F2A32B3332FE00A87B31 /* AddToCartDetailView.swift */,
			);
			path = Detail;
			sourceTree = "<group>";
		};
		6D6223572B31DDB900B74CC5 /* Home */ = {
			isa = PBXGroup;
			children = (
				6D62235D2B31DE3E00B74CC5 /* FooterView.swift */,
				6D62235F2B31DF4800B74CC5 /* NavigationBarView.swift */,
				6D6223612B31E01600B74CC5 /* LogoView.swift */,
				6D6223672B31E32400B74CC5 /* FeaturedItemView.swift */,
				6D6223692B31E38A00B74CC5 /* FeaturedTabView.swift */,
				6D62236D2B32244C00B74CC5 /* CategoryItemView.swift */,
				6D62236F2B32253000B74CC5 /* CategoryGridView.swift */,
				6D6223712B3225FE00B74CC5 /* SectionView.swift */,
				6D53F2892B33221F00A87B31 /* TitleView.swift */,
				6D53F28D2B33230800A87B31 /* ProductItemView.swift */,
				6D53F2912B33273000A87B31 /* BrandItemView.swift */,
				6D53F2932B3327C400A87B31 /* BrandGridView.swift */,
			);
			path = Home;
			sourceTree = "<group>";
		};
		6D6223582B31DDBF00B74CC5 /* Model */ = {
			isa = PBXGroup;
			children = (
				6D6223632B31E25F00B74CC5 /* PlayerModel.swift */,
				6D62236B2B32239D00B74CC5 /* CategoryModel.swift */,
				6D53F28B2B3322B800A87B31 /* ProductModel.swift */,
				6D53F28F2B3326FD00A87B31 /* BrandModel.swift */,
			);
			path = Model;
			sourceTree = "<group>";
		};
		6D6223592B31DDC900B74CC5 /* Utility */ = {
			isa = PBXGroup;
			children = (
				6D62235B2B31DDE000B74CC5 /* Constant.swift */,
				6D53F29D2B332EC600A87B31 /* CustomShape.swift */,
				6D53F2A52B3333D000A87B31 /* Shop.swift */,
			);
			path = Utility;
			sourceTree = "<group>";
		};
		6D62235A2B31DDCE00B74CC5 /* Extension */ = {
			isa = PBXGroup;
			children = (
				6D6223652B31E28700B74CC5 /* CodableBundleExtension.swift */,
			);
			path = Extension;
			sourceTree = "<group>";
		};
/* End PBXGroup section */

/* Begin PBXNativeTarget section */
		6D6223362B31DB9700B74CC5 /* Touchdown */ = {
			isa = PBXNativeTarget;
			buildConfigurationList = 6D6223452B31DB9800B74CC5 /* Build configuration list for PBXNativeTarget "Touchdown" */;
			buildPhases = (
				6D6223332B31DB9700B74CC5 /* Sources */,
				6D6223342B31DB9700B74CC5 /* Frameworks */,
				6D6223352B31DB9700B74CC5 /* Resources */,
			);
			buildRules = (
			);
			dependencies = (
			);
			name = Touchdown;
			productName = Touchdown;
			productReference = 6D6223372B31DB9700B74CC5 /* Touchdown.app */;
			productType = "com.apple.product-type.application";
		};
/* End PBXNativeTarget section */

/* Begin PBXProject section */
		6D62232F2B31DB9700B74CC5 /* Project object */ = {
			isa = PBXProject;
			attributes = {
				BuildIndependentTargetsInParallel = 1;
				LastSwiftUpdateCheck = 1510;
				LastUpgradeCheck = 1510;
				TargetAttributes = {
					6D6223362B31DB9700B74CC5 = {
						CreatedOnToolsVersion = 15.1;
					};
				};
			};
			buildConfigurationList = 6D6223322B31DB9700B74CC5 /* Build configuration list for PBXProject "Touchdown" */;
			compatibilityVersion = "Xcode 14.0";
			developmentRegion = en;
			hasScannedForEncodings = 0;
			knownRegions = (
				en,
				Base,
			);
			mainGroup = 6D62232E2B31DB9700B74CC5;
			productRefGroup = 6D6223382B31DB9700B74CC5 /* Products */;
			projectDirPath = "";
			projectRoot = "";
			targets = (
				6D6223362B31DB9700B74CC5 /* Touchdown */,
			);
		};
/* End PBXProject section */

/* Begin PBXResourcesBuildPhase section */
		6D6223352B31DB9700B74CC5 /* Resources */ = {
			isa = PBXResourcesBuildPhase;
			buildActionMask = 2147483647;
			files = (
				6D6223502B31DD0400B74CC5 /* player.json in Resources */,
				6D62234D2B31DD0400B74CC5 /* category.json in Resources */,
				6D62234F2B31DD0400B74CC5 /* brand.json in Resources */,
				6D62234E2B31DD0400B74CC5 /* product.json in Resources */,
				6D6223422B31DB9800B74CC5 /* Preview Assets.xcassets in Resources */,
				6D62233F2B31DB9800B74CC5 /* Assets.xcassets in Resources */,
			);
			runOnlyForDeploymentPostprocessing = 0;
		};
/* End PBXResourcesBuildPhase section */

/* Begin PBXSourcesBuildPhase section */
		6D6223332B31DB9700B74CC5 /* Sources */ = {
			isa = PBXSourcesBuildPhase;
			buildActionMask = 2147483647;
			files = (
				6D6223662B31E28700B74CC5 /* CodableBundleExtension.swift in Sources */,
				6D53F29A2B332B5000A87B31 /* HeaderDetailView.swift in Sources */,
				6D53F29C2B332D1500A87B31 /* TopPartDetailView.swift in Sources */,
				6D62233D2B31DB9700B74CC5 /* ContentView.swift in Sources */,
				6D53F2A22B33320900A87B31 /* QuantityFavoriteDetailView.swift in Sources */,
				6D6223622B31E01600B74CC5 /* LogoView.swift in Sources */,
				6D62233B2B31DB9700B74CC5 /* TouchdownApp.swift in Sources */,
				6D6223682B31E32400B74CC5 /* FeaturedItemView.swift in Sources */,
				6D53F2A42B3332FE00A87B31 /* AddToCartDetailView.swift in Sources */,
				6D53F28E2B33230800A87B31 /* ProductItemView.swift in Sources */,
				6D53F2942B3327C400A87B31 /* BrandGridView.swift in Sources */,
				6D53F2A02B332FE200A87B31 /* RatingsSizesDetailView.swift in Sources */,
				6D62235E2B31DE3E00B74CC5 /* FooterView.swift in Sources */,
				6D53F2962B33293E00A87B31 /* ProductDetailView.swift in Sources */,
				6D53F2982B3329F100A87B31 /* NavigationBarDetailView.swift in Sources */,
				6D62235C2B31DDE000B74CC5 /* Constant.swift in Sources */,
				6D6223702B32253000B74CC5 /* CategoryGridView.swift in Sources */,
				6D62236C2B32239D00B74CC5 /* CategoryModel.swift in Sources */,
				6D6223602B31DF4800B74CC5 /* NavigationBarView.swift in Sources */,
				6D6223722B3225FE00B74CC5 /* SectionView.swift in Sources */,
				6D53F2922B33273000A87B31 /* BrandItemView.swift in Sources */,
				6D62236E2B32244C00B74CC5 /* CategoryItemView.swift in Sources */,
				6D62236A2B31E38A00B74CC5 /* FeaturedTabView.swift in Sources */,
				6D53F29E2B332EC600A87B31 /* CustomShape.swift in Sources */,
				6D53F2A62B3333D000A87B31 /* Shop.swift in Sources */,
				6D6223642B31E25F00B74CC5 /* PlayerModel.swift in Sources */,
				6D53F2902B3326FD00A87B31 /* BrandModel.swift in Sources */,
				6D53F28A2B33221F00A87B31 /* TitleView.swift in Sources */,
				6D53F28C2B3322B800A87B31 /* ProductModel.swift in Sources */,
			);
			runOnlyForDeploymentPostprocessing = 0;
		};
/* End PBXSourcesBuildPhase section */

/* Begin XCBuildConfiguration section */
		6D6223432B31DB9800B74CC5 /* Debug */ = {
			isa = XCBuildConfiguration;
			buildSettings = {
				ALWAYS_SEARCH_USER_PATHS = NO;
				ASSETCATALOG_COMPILER_GENERATE_SWIFT_ASSET_SYMBOL_EXTENSIONS = YES;
				CLANG_ANALYZER_NONNULL = YES;
				CLANG_ANALYZER_NUMBER_OBJECT_CONVERSION = YES_AGGRESSIVE;
				CLANG_CXX_LANGUAGE_STANDARD = "gnu++20";
				CLANG_ENABLE_MODULES = YES;
				CLANG_ENABLE_OBJC_ARC = YES;
				CLANG_ENABLE_OBJC_WEAK = YES;
				CLANG_WARN_BLOCK_CAPTURE_AUTORELEASING = YES;
				CLANG_WARN_BOOL_CONVERSION = YES;
				CLANG_WARN_COMMA = YES;
				CLANG_WARN_CONSTANT_CONVERSION = YES;
				CLANG_WARN_DEPRECATED_OBJC_IMPLEMENTATIONS = YES;
				CLANG_WARN_DIRECT_OBJC_ISA_USAGE = YES_ERROR;
				CLANG_WARN_DOCUMENTATION_COMMENTS = YES;
				CLANG_WARN_EMPTY_BODY = YES;
				CLANG_WARN_ENUM_CONVERSION = YES;
				CLANG_WARN_INFINITE_RECURSION = YES;
				CLANG_WARN_INT_CONVERSION = YES;
				CLANG_WARN_NON_LITERAL_NULL_CONVERSION = YES;
				CLANG_WARN_OBJC_IMPLICIT_RETAIN_SELF = YES;
				CLANG_WARN_OBJC_LITERAL_CONVERSION = YES;
				CLANG_WARN_OBJC_ROOT_CLASS = YES_ERROR;
				CLANG_WARN_QUOTED_INCLUDE_IN_FRAMEWORK_HEADER = YES;
				CLANG_WARN_RANGE_LOOP_ANALYSIS = YES;
				CLANG_WARN_STRICT_PROTOTYPES = YES;
				CLANG_WARN_SUSPICIOUS_MOVE = YES;
				CLANG_WARN_UNGUARDED_AVAILABILITY = YES_AGGRESSIVE;
				CLANG_WARN_UNREACHABLE_CODE = YES;
				CLANG_WARN__DUPLICATE_METHOD_MATCH = YES;
				COPY_PHASE_STRIP = NO;
				DEBUG_INFORMATION_FORMAT = dwarf;
				ENABLE_STRICT_OBJC_MSGSEND = YES;
				ENABLE_TESTABILITY = YES;
				ENABLE_USER_SCRIPT_SANDBOXING = YES;
				GCC_C_LANGUAGE_STANDARD = gnu17;
				GCC_DYNAMIC_NO_PIC = NO;
				GCC_NO_COMMON_BLOCKS = YES;
				GCC_OPTIMIZATION_LEVEL = 0;
				GCC_PREPROCESSOR_DEFINITIONS = (
					"DEBUG=1",
					"$(inherited)",
				);
				GCC_WARN_64_TO_32_BIT_CONVERSION = YES;
				GCC_WARN_ABOUT_RETURN_TYPE = YES_ERROR;
				GCC_WARN_UNDECLARED_SELECTOR = YES;
				GCC_WARN_UNINITIALIZED_AUTOS = YES_AGGRESSIVE;
				GCC_WARN_UNUSED_FUNCTION = YES;
				GCC_WARN_UNUSED_VARIABLE = YES;
				IPHONEOS_DEPLOYMENT_TARGET = 17.2;
				LOCALIZATION_PREFERS_STRING_CATALOGS = YES;
				MTL_ENABLE_DEBUG_INFO = INCLUDE_SOURCE;
				MTL_FAST_MATH = YES;
				ONLY_ACTIVE_ARCH = YES;
				SDKROOT = iphoneos;
				SWIFT_ACTIVE_COMPILATION_CONDITIONS = "DEBUG $(inherited)";
				SWIFT_OPTIMIZATION_LEVEL = "-Onone";
			};
			name = Debug;
		};
		6D6223442B31DB9800B74CC5 /* Release */ = {
			isa = XCBuildConfiguration;
			buildSettings = {
				ALWAYS_SEARCH_USER_PATHS = NO;
				ASSETCATALOG_COMPILER_GENERATE_SWIFT_ASSET_SYMBOL_EXTENSIONS = YES;
				CLANG_ANALYZER_NONNULL = YES;
				CLANG_ANALYZER_NUMBER_OBJECT_CONVERSION = YES_AGGRESSIVE;
				CLANG_CXX_LANGUAGE_STANDARD = "gnu++20";
				CLANG_ENABLE_MODULES = YES;
				CLANG_ENABLE_OBJC_ARC = YES;
				CLANG_ENABLE_OBJC_WEAK = YES;
				CLANG_WARN_BLOCK_CAPTURE_AUTORELEASING = YES;
				CLANG_WARN_BOOL_CONVERSION = YES;
				CLANG_WARN_COMMA = YES;
				CLANG_WARN_CONSTANT_CONVERSION = YES;
				CLANG_WARN_DEPRECATED_OBJC_IMPLEMENTATIONS = YES;
				CLANG_WARN_DIRECT_OBJC_ISA_USAGE = YES_ERROR;
				CLANG_WARN_DOCUMENTATION_COMMENTS = YES;
				CLANG_WARN_EMPTY_BODY = YES;
				CLANG_WARN_ENUM_CONVERSION = YES;
				CLANG_WARN_INFINITE_RECURSION = YES;
				CLANG_WARN_INT_CONVERSION = YES;
				CLANG_WARN_NON_LITERAL_NULL_CONVERSION = YES;
				CLANG_WARN_OBJC_IMPLICIT_RETAIN_SELF = YES;
				CLANG_WARN_OBJC_LITERAL_CONVERSION = YES;
				CLANG_WARN_OBJC_ROOT_CLASS = YES_ERROR;
				CLANG_WARN_QUOTED_INCLUDE_IN_FRAMEWORK_HEADER = YES;
				CLANG_WARN_RANGE_LOOP_ANALYSIS = YES;
				CLANG_WARN_STRICT_PROTOTYPES = YES;
				CLANG_WARN_SUSPICIOUS_MOVE = YES;
				CLANG_WARN_UNGUARDED_AVAILABILITY = YES_AGGRESSIVE;
				CLANG_WARN_UNREACHABLE_CODE = YES;
				CLANG_WARN__DUPLICATE_METHOD_MATCH = YES;
				COPY_PHASE_STRIP = NO;
				DEBUG_INFORMATION_FORMAT = "dwarf-with-dsym";
				ENABLE_NS_ASSERTIONS = NO;
				ENABLE_STRICT_OBJC_MSGSEND = YES;
				ENABLE_USER_SCRIPT_SANDBOXING = YES;
				GCC_C_LANGUAGE_STANDARD = gnu17;
				GCC_NO_COMMON_BLOCKS = YES;
				GCC_WARN_64_TO_32_BIT_CONVERSION = YES;
				GCC_WARN_ABOUT_RETURN_TYPE = YES_ERROR;
				GCC_WARN_UNDECLARED_SELECTOR = YES;
				GCC_WARN_UNINITIALIZED_AUTOS = YES_AGGRESSIVE;
				GCC_WARN_UNUSED_FUNCTION = YES;
				GCC_WARN_UNUSED_VARIABLE = YES;
				IPHONEOS_DEPLOYMENT_TARGET = 17.2;
				LOCALIZATION_PREFERS_STRING_CATALOGS = YES;
				MTL_ENABLE_DEBUG_INFO = NO;
				MTL_FAST_MATH = YES;
				SDKROOT = iphoneos;
				SWIFT_COMPILATION_MODE = wholemodule;
				VALIDATE_PRODUCT = YES;
			};
			name = Release;
		};
		6D6223462B31DB9800B74CC5 /* Debug */ = {
			isa = XCBuildConfiguration;
			buildSettings = {
				ASSETCATALOG_COMPILER_APPICON_NAME = AppIcon;
				ASSETCATALOG_COMPILER_GLOBAL_ACCENT_COLOR_NAME = AccentColor;
				CODE_SIGN_STYLE = Automatic;
				CURRENT_PROJECT_VERSION = 1;
				DEVELOPMENT_ASSET_PATHS = "\"Touchdown/Preview Content\"";
				DEVELOPMENT_TEAM = 4QACZ8W556;
				ENABLE_PREVIEWS = YES;
				GENERATE_INFOPLIST_FILE = YES;
				INFOPLIST_FILE = Touchdown/Info.plist;
				INFOPLIST_KEY_UIApplicationSceneManifest_Generation = YES;
				INFOPLIST_KEY_UIApplicationSupportsIndirectInputEvents = YES;
				INFOPLIST_KEY_UISupportedInterfaceOrientations = UIInterfaceOrientationPortrait;
				INFOPLIST_KEY_UISupportedInterfaceOrientations_iPad = "UIInterfaceOrientationLandscapeLeft UIInterfaceOrientationLandscapeRight UIInterfaceOrientationPortrait UIInterfaceOrientationPortraitUpsideDown";
				INFOPLIST_KEY_UIUserInterfaceStyle = Light;
				LD_RUNPATH_SEARCH_PATHS = (
					"$(inherited)",
					"@executable_path/Frameworks",
				);
				MARKETING_VERSION = 1.0;
				PRODUCT_BUNDLE_IDENTIFIER = com.donosoDiaz.Touchdown;
				PRODUCT_NAME = "$(TARGET_NAME)";
				SUPPORTED_PLATFORMS = "iphoneos iphonesimulator";
				SUPPORTS_MACCATALYST = NO;
				SUPPORTS_MAC_DESIGNED_FOR_IPHONE_IPAD = NO;
				SWIFT_EMIT_LOC_STRINGS = YES;
				SWIFT_VERSION = 5.0;
				TARGETED_DEVICE_FAMILY = 1;
			};
			name = Debug;
		};
		6D6223472B31DB9800B74CC5 /* Release */ = {
			isa = XCBuildConfiguration;
			buildSettings = {
				ASSETCATALOG_COMPILER_APPICON_NAME = AppIcon;
				ASSETCATALOG_COMPILER_GLOBAL_ACCENT_COLOR_NAME = AccentColor;
				CODE_SIGN_STYLE = Automatic;
				CURRENT_PROJECT_VERSION = 1;
				DEVELOPMENT_ASSET_PATHS = "\"Touchdown/Preview Content\"";
				DEVELOPMENT_TEAM = 4QACZ8W556;
				ENABLE_PREVIEWS = YES;
				GENERATE_INFOPLIST_FILE = YES;
				INFOPLIST_FILE = Touchdown/Info.plist;
				INFOPLIST_KEY_UIApplicationSceneManifest_Generation = YES;
				INFOPLIST_KEY_UIApplicationSupportsIndirectInputEvents = YES;
				INFOPLIST_KEY_UISupportedInterfaceOrientations = UIInterfaceOrientationPortrait;
				INFOPLIST_KEY_UISupportedInterfaceOrientations_iPad = "UIInterfaceOrientationLandscapeLeft UIInterfaceOrientationLandscapeRight UIInterfaceOrientationPortrait UIInterfaceOrientationPortraitUpsideDown";
				INFOPLIST_KEY_UIUserInterfaceStyle = Light;
				LD_RUNPATH_SEARCH_PATHS = (
					"$(inherited)",
					"@executable_path/Frameworks",
				);
				MARKETING_VERSION = 1.0;
				PRODUCT_BUNDLE_IDENTIFIER = com.donosoDiaz.Touchdown;
				PRODUCT_NAME = "$(TARGET_NAME)";
				SUPPORTED_PLATFORMS = "iphoneos iphonesimulator";
				SUPPORTS_MACCATALYST = NO;
				SUPPORTS_MAC_DESIGNED_FOR_IPHONE_IPAD = NO;
				SWIFT_EMIT_LOC_STRINGS = YES;
				SWIFT_VERSION = 5.0;
				TARGETED_DEVICE_FAMILY = 1;
			};
			name = Release;
		};
/* End XCBuildConfiguration section */

/* Begin XCConfigurationList section */
		6D6223322B31DB9700B74CC5 /* Build configuration list for PBXProject "Touchdown" */ = {
			isa = XCConfigurationList;
			buildConfigurations = (
				6D6223432B31DB9800B74CC5 /* Debug */,
				6D6223442B31DB9800B74CC5 /* Release */,
			);
			defaultConfigurationIsVisible = 0;
			defaultConfigurationName = Release;
		};
		6D6223452B31DB9800B74CC5 /* Build configuration list for PBXNativeTarget "Touchdown" */ = {
			isa = XCConfigurationList;
			buildConfigurations = (
				6D6223462B31DB9800B74CC5 /* Debug */,
				6D6223472B31DB9800B74CC5 /* Release */,
			);
			defaultConfigurationIsVisible = 0;
			defaultConfigurationName = Release;
		};
/* End XCConfigurationList section */
	};
	rootObject = 6D62232F2B31DB9700B74CC5 /* Project object */;
}
