// !$*UTF8*$!
{
	archiveVersion = 1;
	classes = {
	};
	objectVersion = 56;
	objects = {

/* Begin PBXBuildFile section */
		6D5180EC2B3C82F80053608F /* HeaderView.swift in Sources */ = {isa = PBXBuildFile; fileRef = 6D5180EB2B3C82F80053608F /* HeaderView.swift */; };
		6D5180EE2B3C85CE0053608F /* HeaderModel.swift in Sources */ = {isa = PBXBuildFile; fileRef = 6D5180ED2B3C85CE0053608F /* HeaderModel.swift */; };
		6D5180F02B3C85F40053608F /* HeaderData.swift in Sources */ = {isa = PBXBuildFile; fileRef = 6D5180EF2B3C85F40053608F /* HeaderData.swift */; };
		6D5180F22B3C86FF0053608F /* DishesView.swift in Sources */ = {isa = PBXBuildFile; fileRef = 6D5180F12B3C86FF0053608F /* DishesView.swift */; };
		6D5180F42B3C8A320053608F /* FactsView.swift in Sources */ = {isa = PBXBuildFile; fileRef = 6D5180F32B3C8A320053608F /* FactsView.swift */; };
		6D5180F62B3C8B7C0053608F /* FactModel.swift in Sources */ = {isa = PBXBuildFile; fileRef = 6D5180F52B3C8B7C0053608F /* FactModel.swift */; };
		6D5180F82B3C8BA00053608F /* FactData.swift in Sources */ = {isa = PBXBuildFile; fileRef = 6D5180F72B3C8BA00053608F /* FactData.swift */; };
		6D5180FA2B3C8C7A0053608F /* RecipeModel.swift in Sources */ = {isa = PBXBuildFile; fileRef = 6D5180F92B3C8C7A0053608F /* RecipeModel.swift */; };
		6D5180FC2B3C8CB10053608F /* RecipeData.swift in Sources */ = {isa = PBXBuildFile; fileRef = 6D5180FB2B3C8CB10053608F /* RecipeData.swift */; };
		6D5180FE2B3C8CD60053608F /* RecipeCardView.swift in Sources */ = {isa = PBXBuildFile; fileRef = 6D5180FD2B3C8CD60053608F /* RecipeCardView.swift */; };
		6D5181002B3C8F080053608F /* RecipeRatingView.swift in Sources */ = {isa = PBXBuildFile; fileRef = 6D5180FF2B3C8F080053608F /* RecipeRatingView.swift */; };
		6D5181022B3C8F430053608F /* RecipeCookingView.swift in Sources */ = {isa = PBXBuildFile; fileRef = 6D5181012B3C8F430053608F /* RecipeCookingView.swift */; };
		6D5181042B3C8F980053608F /* RecipeDetailView.swift in Sources */ = {isa = PBXBuildFile; fileRef = 6D5181032B3C8F980053608F /* RecipeDetailView.swift */; };
		6D5181062B3CB5AD0053608F /* RipeningView.swift in Sources */ = {isa = PBXBuildFile; fileRef = 6D5181052B3CB5AD0053608F /* RipeningView.swift */; };
		6D5181082B3CB8980053608F /* RipeningData.swift in Sources */ = {isa = PBXBuildFile; fileRef = 6D5181072B3CB8980053608F /* RipeningData.swift */; };
		6D51810A2B3CB8A90053608F /* RipeningModel.swift in Sources */ = {isa = PBXBuildFile; fileRef = 6D5181092B3CB8A90053608F /* RipeningModel.swift */; };
		6D80FA912B3C5297000DBF10 /* AvocadosApp.swift in Sources */ = {isa = PBXBuildFile; fileRef = 6D80FA902B3C5297000DBF10 /* AvocadosApp.swift */; };
		6D80FA932B3C5297000DBF10 /* ContentView.swift in Sources */ = {isa = PBXBuildFile; fileRef = 6D80FA922B3C5297000DBF10 /* ContentView.swift */; };
		6D80FA952B3C5298000DBF10 /* Assets.xcassets in Resources */ = {isa = PBXBuildFile; fileRef = 6D80FA942B3C5298000DBF10 /* Assets.xcassets */; };
		6D80FA982B3C5298000DBF10 /* Preview Assets.xcassets in Resources */ = {isa = PBXBuildFile; fileRef = 6D80FA972B3C5298000DBF10 /* Preview Assets.xcassets */; };
		6D80FAA32B3C556A000DBF10 /* AvocadosView.swift in Sources */ = {isa = PBXBuildFile; fileRef = 6D80FAA22B3C556A000DBF10 /* AvocadosView.swift */; };
		6D80FAA52B3C557D000DBF10 /* RipeningStagesView.swift in Sources */ = {isa = PBXBuildFile; fileRef = 6D80FAA42B3C557D000DBF10 /* RipeningStagesView.swift */; };
		6D80FAA72B3C558B000DBF10 /* SettingsView.swift in Sources */ = {isa = PBXBuildFile; fileRef = 6D80FAA62B3C558B000DBF10 /* SettingsView.swift */; };
		6D80FAA92B3C5599000DBF10 /* AppView.swift in Sources */ = {isa = PBXBuildFile; fileRef = 6D80FAA82B3C5599000DBF10 /* AppView.swift */; };
/* End PBXBuildFile section */

/* Begin PBXFileReference section */
		6D5180EB2B3C82F80053608F /* HeaderView.swift */ = {isa = PBXFileReference; lastKnownFileType = sourcecode.swift; path = HeaderView.swift; sourceTree = "<group>"; };
		6D5180ED2B3C85CE0053608F /* HeaderModel.swift */ = {isa = PBXFileReference; lastKnownFileType = sourcecode.swift; path = HeaderModel.swift; sourceTree = "<group>"; };
		6D5180EF2B3C85F40053608F /* HeaderData.swift */ = {isa = PBXFileReference; lastKnownFileType = sourcecode.swift; path = HeaderData.swift; sourceTree = "<group>"; };
		6D5180F12B3C86FF0053608F /* DishesView.swift */ = {isa = PBXFileReference; lastKnownFileType = sourcecode.swift; path = DishesView.swift; sourceTree = "<group>"; };
		6D5180F32B3C8A320053608F /* FactsView.swift */ = {isa = PBXFileReference; lastKnownFileType = sourcecode.swift; path = FactsView.swift; sourceTree = "<group>"; };
		6D5180F52B3C8B7C0053608F /* FactModel.swift */ = {isa = PBXFileReference; lastKnownFileType = sourcecode.swift; path = FactModel.swift; sourceTree = "<group>"; };
		6D5180F72B3C8BA00053608F /* FactData.swift */ = {isa = PBXFileReference; lastKnownFileType = sourcecode.swift; path = FactData.swift; sourceTree = "<group>"; };
		6D5180F92B3C8C7A0053608F /* RecipeModel.swift */ = {isa = PBXFileReference; lastKnownFileType = sourcecode.swift; path = RecipeModel.swift; sourceTree = "<group>"; };
		6D5180FB2B3C8CB10053608F /* RecipeData.swift */ = {isa = PBXFileReference; lastKnownFileType = sourcecode.swift; path = RecipeData.swift; sourceTree = "<group>"; };
		6D5180FD2B3C8CD60053608F /* RecipeCardView.swift */ = {isa = PBXFileReference; lastKnownFileType = sourcecode.swift; path = RecipeCardView.swift; sourceTree = "<group>"; };
		6D5180FF2B3C8F080053608F /* RecipeRatingView.swift */ = {isa = PBXFileReference; lastKnownFileType = sourcecode.swift; path = RecipeRatingView.swift; sourceTree = "<group>"; };
		6D5181012B3C8F430053608F /* RecipeCookingView.swift */ = {isa = PBXFileReference; lastKnownFileType = sourcecode.swift; path = RecipeCookingView.swift; sourceTree = "<group>"; };
		6D5181032B3C8F980053608F /* RecipeDetailView.swift */ = {isa = PBXFileReference; lastKnownFileType = sourcecode.swift; path = RecipeDetailView.swift; sourceTree = "<group>"; };
		6D5181052B3CB5AD0053608F /* RipeningView.swift */ = {isa = PBXFileReference; lastKnownFileType = sourcecode.swift; path = RipeningView.swift; sourceTree = "<group>"; };
		6D5181072B3CB8980053608F /* RipeningData.swift */ = {isa = PBXFileReference; lastKnownFileType = sourcecode.swift; path = RipeningData.swift; sourceTree = "<group>"; };
		6D5181092B3CB8A90053608F /* RipeningModel.swift */ = {isa = PBXFileReference; lastKnownFileType = sourcecode.swift; path = RipeningModel.swift; sourceTree = "<group>"; };
		6D80FA8D2B3C5297000DBF10 /* Avocados.app */ = {isa = PBXFileReference; explicitFileType = wrapper.application; includeInIndex = 0; path = Avocados.app; sourceTree = BUILT_PRODUCTS_DIR; };
		6D80FA902B3C5297000DBF10 /* AvocadosApp.swift */ = {isa = PBXFileReference; lastKnownFileType = sourcecode.swift; path = AvocadosApp.swift; sourceTree = "<group>"; };
		6D80FA922B3C5297000DBF10 /* ContentView.swift */ = {isa = PBXFileReference; lastKnownFileType = sourcecode.swift; path = ContentView.swift; sourceTree = "<group>"; };
		6D80FA942B3C5298000DBF10 /* Assets.xcassets */ = {isa = PBXFileReference; lastKnownFileType = folder.assetcatalog; path = Assets.xcassets; sourceTree = "<group>"; };
		6D80FA972B3C5298000DBF10 /* Preview Assets.xcassets */ = {isa = PBXFileReference; lastKnownFileType = folder.assetcatalog; path = "Preview Assets.xcassets"; sourceTree = "<group>"; };
		6D80FA9E2B3C54D9000DBF10 /* Info.plist */ = {isa = PBXFileReference; lastKnownFileType = text.plist; path = Info.plist; sourceTree = "<group>"; };
		6D80FAA22B3C556A000DBF10 /* AvocadosView.swift */ = {isa = PBXFileReference; lastKnownFileType = sourcecode.swift; path = AvocadosView.swift; sourceTree = "<group>"; };
		6D80FAA42B3C557D000DBF10 /* RipeningStagesView.swift */ = {isa = PBXFileReference; lastKnownFileType = sourcecode.swift; path = RipeningStagesView.swift; sourceTree = "<group>"; };
		6D80FAA62B3C558B000DBF10 /* SettingsView.swift */ = {isa = PBXFileReference; lastKnownFileType = sourcecode.swift; path = SettingsView.swift; sourceTree = "<group>"; };
		6D80FAA82B3C5599000DBF10 /* AppView.swift */ = {isa = PBXFileReference; lastKnownFileType = sourcecode.swift; path = AppView.swift; sourceTree = "<group>"; };
/* End PBXFileReference section */

/* Begin PBXFrameworksBuildPhase section */
		6D80FA8A2B3C5297000DBF10 /* Frameworks */ = {
			isa = PBXFrameworksBuildPhase;
			buildActionMask = 2147483647;
			files = (
			);
			runOnlyForDeploymentPostprocessing = 0;
		};
/* End PBXFrameworksBuildPhase section */

/* Begin PBXGroup section */
		6D80FA842B3C5297000DBF10 = {
			isa = PBXGroup;
			children = (
				6D80FA8F2B3C5297000DBF10 /* Avocados */,
				6D80FA8E2B3C5297000DBF10 /* Products */,
			);
			sourceTree = "<group>";
		};
		6D80FA8E2B3C5297000DBF10 /* Products */ = {
			isa = PBXGroup;
			children = (
				6D80FA8D2B3C5297000DBF10 /* Avocados.app */,
			);
			name = Products;
			sourceTree = "<group>";
		};
		6D80FA8F2B3C5297000DBF10 /* Avocados */ = {
			isa = PBXGroup;
			children = (
				6D80FAA12B3C5551000DBF10 /* View */,
				6D80FAA02B3C554E000DBF10 /* Model */,
				6D80FA9F2B3C5549000DBF10 /* Data */,
				6D80FA9E2B3C54D9000DBF10 /* Info.plist */,
				6D80FA902B3C5297000DBF10 /* AvocadosApp.swift */,
				6D80FA942B3C5298000DBF10 /* Assets.xcassets */,
				6D80FA962B3C5298000DBF10 /* Preview Content */,
			);
			path = Avocados;
			sourceTree = "<group>";
		};
		6D80FA962B3C5298000DBF10 /* Preview Content */ = {
			isa = PBXGroup;
			children = (
				6D80FA972B3C5298000DBF10 /* Preview Assets.xcassets */,
			);
			path = "Preview Content";
			sourceTree = "<group>";
		};
		6D80FA9F2B3C5549000DBF10 /* Data */ = {
			isa = PBXGroup;
			children = (
				6D5180EF2B3C85F40053608F /* HeaderData.swift */,
				6D5180F72B3C8BA00053608F /* FactData.swift */,
				6D5180FB2B3C8CB10053608F /* RecipeData.swift */,
				6D5181072B3CB8980053608F /* RipeningData.swift */,
			);
			path = Data;
			sourceTree = "<group>";
		};
		6D80FAA02B3C554E000DBF10 /* Model */ = {
			isa = PBXGroup;
			children = (
				6D5180ED2B3C85CE0053608F /* HeaderModel.swift */,
				6D5180F52B3C8B7C0053608F /* FactModel.swift */,
				6D5180F92B3C8C7A0053608F /* RecipeModel.swift */,
				6D5181092B3CB8A90053608F /* RipeningModel.swift */,
			);
			path = Model;
			sourceTree = "<group>";
		};
		6D80FAA12B3C5551000DBF10 /* View */ = {
			isa = PBXGroup;
			children = (
				6D80FA922B3C5297000DBF10 /* ContentView.swift */,
				6D80FAA22B3C556A000DBF10 /* AvocadosView.swift */,
				6D80FAA42B3C557D000DBF10 /* RipeningStagesView.swift */,
				6D80FAA62B3C558B000DBF10 /* SettingsView.swift */,
				6D80FAA82B3C5599000DBF10 /* AppView.swift */,
				6D5180EB2B3C82F80053608F /* HeaderView.swift */,
				6D5180F12B3C86FF0053608F /* DishesView.swift */,
				6D5180F32B3C8A320053608F /* FactsView.swift */,
				6D5180FD2B3C8CD60053608F /* RecipeCardView.swift */,
				6D5180FF2B3C8F080053608F /* RecipeRatingView.swift */,
				6D5181012B3C8F430053608F /* RecipeCookingView.swift */,
				6D5181032B3C8F980053608F /* RecipeDetailView.swift */,
				6D5181052B3CB5AD0053608F /* RipeningView.swift */,
			);
			path = View;
			sourceTree = "<group>";
		};
/* End PBXGroup section */

/* Begin PBXNativeTarget section */
		6D80FA8C2B3C5297000DBF10 /* Avocados */ = {
			isa = PBXNativeTarget;
			buildConfigurationList = 6D80FA9B2B3C5298000DBF10 /* Build configuration list for PBXNativeTarget "Avocados" */;
			buildPhases = (
				6D80FA892B3C5297000DBF10 /* Sources */,
				6D80FA8A2B3C5297000DBF10 /* Frameworks */,
				6D80FA8B2B3C5297000DBF10 /* Resources */,
			);
			buildRules = (
			);
			dependencies = (
			);
			name = Avocados;
			productName = Avocados;
			productReference = 6D80FA8D2B3C5297000DBF10 /* Avocados.app */;
			productType = "com.apple.product-type.application";
		};
/* End PBXNativeTarget section */

/* Begin PBXProject section */
		6D80FA852B3C5297000DBF10 /* Project object */ = {
			isa = PBXProject;
			attributes = {
				BuildIndependentTargetsInParallel = 1;
				LastSwiftUpdateCheck = 1510;
				LastUpgradeCheck = 1510;
				TargetAttributes = {
					6D80FA8C2B3C5297000DBF10 = {
						CreatedOnToolsVersion = 15.1;
					};
				};
			};
			buildConfigurationList = 6D80FA882B3C5297000DBF10 /* Build configuration list for PBXProject "Avocados" */;
			compatibilityVersion = "Xcode 14.0";
			developmentRegion = en;
			hasScannedForEncodings = 0;
			knownRegions = (
				en,
				Base,
			);
			mainGroup = 6D80FA842B3C5297000DBF10;
			productRefGroup = 6D80FA8E2B3C5297000DBF10 /* Products */;
			projectDirPath = "";
			projectRoot = "";
			targets = (
				6D80FA8C2B3C5297000DBF10 /* Avocados */,
			);
		};
/* End PBXProject section */

/* Begin PBXResourcesBuildPhase section */
		6D80FA8B2B3C5297000DBF10 /* Resources */ = {
			isa = PBXResourcesBuildPhase;
			buildActionMask = 2147483647;
			files = (
				6D80FA982B3C5298000DBF10 /* Preview Assets.xcassets in Resources */,
				6D80FA952B3C5298000DBF10 /* Assets.xcassets in Resources */,
			);
			runOnlyForDeploymentPostprocessing = 0;
		};
/* End PBXResourcesBuildPhase section */

/* Begin PBXSourcesBuildPhase section */
		6D80FA892B3C5297000DBF10 /* Sources */ = {
			isa = PBXSourcesBuildPhase;
			buildActionMask = 2147483647;
			files = (
				6D80FAA72B3C558B000DBF10 /* SettingsView.swift in Sources */,
				6D5181002B3C8F080053608F /* RecipeRatingView.swift in Sources */,
				6D80FA932B3C5297000DBF10 /* ContentView.swift in Sources */,
				6D80FAA92B3C5599000DBF10 /* AppView.swift in Sources */,
				6D80FAA52B3C557D000DBF10 /* RipeningStagesView.swift in Sources */,
				6D80FA912B3C5297000DBF10 /* AvocadosApp.swift in Sources */,
				6D80FAA32B3C556A000DBF10 /* AvocadosView.swift in Sources */,
				6D5180EE2B3C85CE0053608F /* HeaderModel.swift in Sources */,
				6D5180FA2B3C8C7A0053608F /* RecipeModel.swift in Sources */,
				6D5181082B3CB8980053608F /* RipeningData.swift in Sources */,
				6D5180F02B3C85F40053608F /* HeaderData.swift in Sources */,
				6D5180F22B3C86FF0053608F /* DishesView.swift in Sources */,
				6D5181022B3C8F430053608F /* RecipeCookingView.swift in Sources */,
				6D5181062B3CB5AD0053608F /* RipeningView.swift in Sources */,
				6D5180F62B3C8B7C0053608F /* FactModel.swift in Sources */,
				6D5180F42B3C8A320053608F /* FactsView.swift in Sources */,
				6D5180FE2B3C8CD60053608F /* RecipeCardView.swift in Sources */,
				6D51810A2B3CB8A90053608F /* RipeningModel.swift in Sources */,
				6D5180FC2B3C8CB10053608F /* RecipeData.swift in Sources */,
				6D5180EC2B3C82F80053608F /* HeaderView.swift in Sources */,
				6D5181042B3C8F980053608F /* RecipeDetailView.swift in Sources */,
				6D5180F82B3C8BA00053608F /* FactData.swift in Sources */,
			);
			runOnlyForDeploymentPostprocessing = 0;
		};
/* End PBXSourcesBuildPhase section */

/* Begin XCBuildConfiguration section */
		6D80FA992B3C5298000DBF10 /* Debug */ = {
			isa = XCBuildConfiguration;
			buildSettings = {
				ALWAYS_SEARCH_USER_PATHS = NO;
				ASSETCATALOG_COMPILER_GENERATE_SWIFT_ASSET_SYMBOL_EXTENSIONS = YES;
				CLANG_ANALYZER_NONNULL = YES;
				CLANG_ANALYZER_NUMBER_OBJECT_CONVERSION = YES_AGGRESSIVE;
				CLANG_CXX_LANGUAGE_STANDARD = "gnu++20";
				CLANG_ENABLE_MODULES = YES;
				CLANG_ENABLE_OBJC_ARC = YES;
				CLANG_ENABLE_OBJC_WEAK = YES;
				CLANG_WARN_BLOCK_CAPTURE_AUTORELEASING = YES;
				CLANG_WARN_BOOL_CONVERSION = YES;
				CLANG_WARN_COMMA = YES;
				CLANG_WARN_CONSTANT_CONVERSION = YES;
				CLANG_WARN_DEPRECATED_OBJC_IMPLEMENTATIONS = YES;
				CLANG_WARN_DIRECT_OBJC_ISA_USAGE = YES_ERROR;
				CLANG_WARN_DOCUMENTATION_COMMENTS = YES;
				CLANG_WARN_EMPTY_BODY = YES;
				CLANG_WARN_ENUM_CONVERSION = YES;
				CLANG_WARN_INFINITE_RECURSION = YES;
				CLANG_WARN_INT_CONVERSION = YES;
				CLANG_WARN_NON_LITERAL_NULL_CONVERSION = YES;
				CLANG_WARN_OBJC_IMPLICIT_RETAIN_SELF = YES;
				CLANG_WARN_OBJC_LITERAL_CONVERSION = YES;
				CLANG_WARN_OBJC_ROOT_CLASS = YES_ERROR;
				CLANG_WARN_QUOTED_INCLUDE_IN_FRAMEWORK_HEADER = YES;
				CLANG_WARN_RANGE_LOOP_ANALYSIS = YES;
				CLANG_WARN_STRICT_PROTOTYPES = YES;
				CLANG_WARN_SUSPICIOUS_MOVE = YES;
				CLANG_WARN_UNGUARDED_AVAILABILITY = YES_AGGRESSIVE;
				CLANG_WARN_UNREACHABLE_CODE = YES;
				CLANG_WARN__DUPLICATE_METHOD_MATCH = YES;
				COPY_PHASE_STRIP = NO;
				DEBUG_INFORMATION_FORMAT = dwarf;
				ENABLE_STRICT_OBJC_MSGSEND = YES;
				ENABLE_TESTABILITY = YES;
				ENABLE_USER_SCRIPT_SANDBOXING = YES;
				GCC_C_LANGUAGE_STANDARD = gnu17;
				GCC_DYNAMIC_NO_PIC = NO;
				GCC_NO_COMMON_BLOCKS = YES;
				GCC_OPTIMIZATION_LEVEL = 0;
				GCC_PREPROCESSOR_DEFINITIONS = (
					"DEBUG=1",
					"$(inherited)",
				);
				GCC_WARN_64_TO_32_BIT_CONVERSION = YES;
				GCC_WARN_ABOUT_RETURN_TYPE = YES_ERROR;
				GCC_WARN_UNDECLARED_SELECTOR = YES;
				GCC_WARN_UNINITIALIZED_AUTOS = YES_AGGRESSIVE;
				GCC_WARN_UNUSED_FUNCTION = YES;
				GCC_WARN_UNUSED_VARIABLE = YES;
				IPHONEOS_DEPLOYMENT_TARGET = 17.2;
				LOCALIZATION_PREFERS_STRING_CATALOGS = YES;
				MTL_ENABLE_DEBUG_INFO = INCLUDE_SOURCE;
				MTL_FAST_MATH = YES;
				ONLY_ACTIVE_ARCH = YES;
				SDKROOT = iphoneos;
				SWIFT_ACTIVE_COMPILATION_CONDITIONS = "DEBUG $(inherited)";
				SWIFT_OPTIMIZATION_LEVEL = "-Onone";
			};
			name = Debug;
		};
		6D80FA9A2B3C5298000DBF10 /* Release */ = {
			isa = XCBuildConfiguration;
			buildSettings = {
				ALWAYS_SEARCH_USER_PATHS = NO;
				ASSETCATALOG_COMPILER_GENERATE_SWIFT_ASSET_SYMBOL_EXTENSIONS = YES;
				CLANG_ANALYZER_NONNULL = YES;
				CLANG_ANALYZER_NUMBER_OBJECT_CONVERSION = YES_AGGRESSIVE;
				CLANG_CXX_LANGUAGE_STANDARD = "gnu++20";
				CLANG_ENABLE_MODULES = YES;
				CLANG_ENABLE_OBJC_ARC = YES;
				CLANG_ENABLE_OBJC_WEAK = YES;
				CLANG_WARN_BLOCK_CAPTURE_AUTORELEASING = YES;
				CLANG_WARN_BOOL_CONVERSION = YES;
				CLANG_WARN_COMMA = YES;
				CLANG_WARN_CONSTANT_CONVERSION = YES;
				CLANG_WARN_DEPRECATED_OBJC_IMPLEMENTATIONS = YES;
				CLANG_WARN_DIRECT_OBJC_ISA_USAGE = YES_ERROR;
				CLANG_WARN_DOCUMENTATION_COMMENTS = YES;
				CLANG_WARN_EMPTY_BODY = YES;
				CLANG_WARN_ENUM_CONVERSION = YES;
				CLANG_WARN_INFINITE_RECURSION = YES;
				CLANG_WARN_INT_CONVERSION = YES;
				CLANG_WARN_NON_LITERAL_NULL_CONVERSION = YES;
				CLANG_WARN_OBJC_IMPLICIT_RETAIN_SELF = YES;
				CLANG_WARN_OBJC_LITERAL_CONVERSION = YES;
				CLANG_WARN_OBJC_ROOT_CLASS = YES_ERROR;
				CLANG_WARN_QUOTED_INCLUDE_IN_FRAMEWORK_HEADER = YES;
				CLANG_WARN_RANGE_LOOP_ANALYSIS = YES;
				CLANG_WARN_STRICT_PROTOTYPES = YES;
				CLANG_WARN_SUSPICIOUS_MOVE = YES;
				CLANG_WARN_UNGUARDED_AVAILABILITY = YES_AGGRESSIVE;
				CLANG_WARN_UNREACHABLE_CODE = YES;
				CLANG_WARN__DUPLICATE_METHOD_MATCH = YES;
				COPY_PHASE_STRIP = NO;
				DEBUG_INFORMATION_FORMAT = "dwarf-with-dsym";
				ENABLE_NS_ASSERTIONS = NO;
				ENABLE_STRICT_OBJC_MSGSEND = YES;
				ENABLE_USER_SCRIPT_SANDBOXING = YES;
				GCC_C_LANGUAGE_STANDARD = gnu17;
				GCC_NO_COMMON_BLOCKS = YES;
				GCC_WARN_64_TO_32_BIT_CONVERSION = YES;
				GCC_WARN_ABOUT_RETURN_TYPE = YES_ERROR;
				GCC_WARN_UNDECLARED_SELECTOR = YES;
				GCC_WARN_UNINITIALIZED_AUTOS = YES_AGGRESSIVE;
				GCC_WARN_UNUSED_FUNCTION = YES;
				GCC_WARN_UNUSED_VARIABLE = YES;
				IPHONEOS_DEPLOYMENT_TARGET = 17.2;
				LOCALIZATION_PREFERS_STRING_CATALOGS = YES;
				MTL_ENABLE_DEBUG_INFO = NO;
				MTL_FAST_MATH = YES;
				SDKROOT = iphoneos;
				SWIFT_COMPILATION_MODE = wholemodule;
				VALIDATE_PRODUCT = YES;
			};
			name = Release;
		};
		6D80FA9C2B3C5298000DBF10 /* Debug */ = {
			isa = XCBuildConfiguration;
			buildSettings = {
				ASSETCATALOG_COMPILER_APPICON_NAME = AppIcon;
				ASSETCATALOG_COMPILER_GLOBAL_ACCENT_COLOR_NAME = AccentColor;
				CODE_SIGN_STYLE = Automatic;
				CURRENT_PROJECT_VERSION = 1;
				DEVELOPMENT_ASSET_PATHS = "\"Avocados/Preview Content\"";
				DEVELOPMENT_TEAM = 4QACZ8W556;
				ENABLE_PREVIEWS = YES;
				GENERATE_INFOPLIST_FILE = YES;
				INFOPLIST_FILE = Avocados/Info.plist;
				INFOPLIST_KEY_UIApplicationSceneManifest_Generation = YES;
				INFOPLIST_KEY_UIApplicationSupportsIndirectInputEvents = YES;
				INFOPLIST_KEY_UISupportedInterfaceOrientations = UIInterfaceOrientationPortrait;
				INFOPLIST_KEY_UISupportedInterfaceOrientations_iPad = "UIInterfaceOrientationLandscapeLeft UIInterfaceOrientationLandscapeRight UIInterfaceOrientationPortrait UIInterfaceOrientationPortraitUpsideDown";
				LD_RUNPATH_SEARCH_PATHS = (
					"$(inherited)",
					"@executable_path/Frameworks",
				);
				MARKETING_VERSION = 1.0;
				PRODUCT_BUNDLE_IDENTIFIER = com.donosoDiaz.Avocados;
				PRODUCT_NAME = "$(TARGET_NAME)";
				SUPPORTED_PLATFORMS = "iphoneos iphonesimulator";
				SUPPORTS_MACCATALYST = NO;
				SUPPORTS_MAC_DESIGNED_FOR_IPHONE_IPAD = NO;
				SWIFT_EMIT_LOC_STRINGS = YES;
				SWIFT_VERSION = 5.0;
				TARGETED_DEVICE_FAMILY = "1,2";
			};
			name = Debug;
		};
		6D80FA9D2B3C5298000DBF10 /* Release */ = {
			isa = XCBuildConfiguration;
			buildSettings = {
				ASSETCATALOG_COMPILER_APPICON_NAME = AppIcon;
				ASSETCATALOG_COMPILER_GLOBAL_ACCENT_COLOR_NAME = AccentColor;
				CODE_SIGN_STYLE = Automatic;
				CURRENT_PROJECT_VERSION = 1;
				DEVELOPMENT_ASSET_PATHS = "\"Avocados/Preview Content\"";
				DEVELOPMENT_TEAM = 4QACZ8W556;
				ENABLE_PREVIEWS = YES;
				GENERATE_INFOPLIST_FILE = YES;
				INFOPLIST_FILE = Avocados/Info.plist;
				INFOPLIST_KEY_UIApplicationSceneManifest_Generation = YES;
				INFOPLIST_KEY_UIApplicationSupportsIndirectInputEvents = YES;
				INFOPLIST_KEY_UISupportedInterfaceOrientations = UIInterfaceOrientationPortrait;
				INFOPLIST_KEY_UISupportedInterfaceOrientations_iPad = "UIInterfaceOrientationLandscapeLeft UIInterfaceOrientationLandscapeRight UIInterfaceOrientationPortrait UIInterfaceOrientationPortraitUpsideDown";
				LD_RUNPATH_SEARCH_PATHS = (
					"$(inherited)",
					"@executable_path/Frameworks",
				);
				MARKETING_VERSION = 1.0;
				PRODUCT_BUNDLE_IDENTIFIER = com.donosoDiaz.Avocados;
				PRODUCT_NAME = "$(TARGET_NAME)";
				SUPPORTED_PLATFORMS = "iphoneos iphonesimulator";
				SUPPORTS_MACCATALYST = NO;
				SUPPORTS_MAC_DESIGNED_FOR_IPHONE_IPAD = NO;
				SWIFT_EMIT_LOC_STRINGS = YES;
				SWIFT_VERSION = 5.0;
				TARGETED_DEVICE_FAMILY = "1,2";
			};
			name = Release;
		};
/* End XCBuildConfiguration section */

/* Begin XCConfigurationList section */
		6D80FA882B3C5297000DBF10 /* Build configuration list for PBXProject "Avocados" */ = {
			isa = XCConfigurationList;
			buildConfigurations = (
				6D80FA992B3C5298000DBF10 /* Debug */,
				6D80FA9A2B3C5298000DBF10 /* Release */,
			);
			defaultConfigurationIsVisible = 0;
			defaultConfigurationName = Release;
		};
		6D80FA9B2B3C5298000DBF10 /* Build configuration list for PBXNativeTarget "Avocados" */ = {
			isa = XCConfigurationList;
			buildConfigurations = (
				6D80FA9C2B3C5298000DBF10 /* Debug */,
				6D80FA9D2B3C5298000DBF10 /* Release */,
			);
			defaultConfigurationIsVisible = 0;
			defaultConfigurationName = Release;
		};
/* End XCConfigurationList section */
	};
	rootObject = 6D80FA852B3C5297000DBF10 /* Project object */;
}
