// !$*UTF8*$!
{
	archiveVersion = 1;
	classes = {
	};
	objectVersion = 56;
	objects = {

/* Begin PBXBuildFile section */
		6D7C08E62B3F64AC0052DB99 /* TodoAppApp.swift in Sources */ = {isa = PBXBuildFile; fileRef = 6D7C08E52B3F64AC0052DB99 /* TodoAppApp.swift */; };
		6D7C08E82B3F64AC0052DB99 /* ContentView.swift in Sources */ = {isa = PBXBuildFile; fileRef = 6D7C08E72B3F64AC0052DB99 /* ContentView.swift */; };
		6D7C08EA2B3F64AD0052DB99 /* Assets.xcassets in Resources */ = {isa = PBXBuildFile; fileRef = 6D7C08E92B3F64AD0052DB99 /* Assets.xcassets */; };
		6D7C08ED2B3F64AD0052DB99 /* Preview Assets.xcassets in Resources */ = {isa = PBXBuildFile; fileRef = 6D7C08EC2B3F64AD0052DB99 /* Preview Assets.xcassets */; };
		6D7C08EF2B3F64AD0052DB99 /* Persistence.swift in Sources */ = {isa = PBXBuildFile; fileRef = 6D7C08EE2B3F64AD0052DB99 /* Persistence.swift */; };
		6D7C08F22B3F64AD0052DB99 /* TodoApp.xcdatamodeld in Sources */ = {isa = PBXBuildFile; fileRef = 6D7C08F02B3F64AD0052DB99 /* TodoApp.xcdatamodeld */; };
		6D7C08FA2B3F64D00052DB99 /* AddTodoView.swift in Sources */ = {isa = PBXBuildFile; fileRef = 6D7C08F92B3F64D00052DB99 /* AddTodoView.swift */; };
		6D7C09002B4072A50052DB99 /* EmtpyListView.swift in Sources */ = {isa = PBXBuildFile; fileRef = 6D7C08FF2B4072A50052DB99 /* EmtpyListView.swift */; };
		6D7C09022B407B8B0052DB99 /* SettingsView.swift in Sources */ = {isa = PBXBuildFile; fileRef = 6D7C09012B407B8B0052DB99 /* SettingsView.swift */; };
		6D7C09042B40877E0052DB99 /* FormRowStaticView.swift in Sources */ = {isa = PBXBuildFile; fileRef = 6D7C09032B40877E0052DB99 /* FormRowStaticView.swift */; };
		6D7C09062B40889B0052DB99 /* FormRowLinkView.swift in Sources */ = {isa = PBXBuildFile; fileRef = 6D7C09052B40889B0052DB99 /* FormRowLinkView.swift */; };
		6D7C09112B408A9A0052DB99 /* Blue.png in Resources */ = {isa = PBXBuildFile; fileRef = 6D7C09082B408A9A0052DB99 /* Blue.png */; };
		6D7C09122B408A9A0052DB99 /* Green.png in Resources */ = {isa = PBXBuildFile; fileRef = 6D7C09092B408A9A0052DB99 /* Green.png */; };
		6D7C09132B408A9A0052DB99 /* Green Light.png in Resources */ = {isa = PBXBuildFile; fileRef = 6D7C090A2B408A9A0052DB99 /* Green Light.png */; };
		6D7C09142B408A9A0052DB99 /* Pink Light.png in Resources */ = {isa = PBXBuildFile; fileRef = 6D7C090B2B408A9A0052DB99 /* Pink Light.png */; };
		6D7C09152B408A9A0052DB99 /* Blue Dark.png in Resources */ = {isa = PBXBuildFile; fileRef = 6D7C090C2B408A9A0052DB99 /* Blue Dark.png */; };
		6D7C09162B408A9A0052DB99 /* Green Dark.png in Resources */ = {isa = PBXBuildFile; fileRef = 6D7C090D2B408A9A0052DB99 /* Green Dark.png */; };
		6D7C09172B408A9A0052DB99 /* Pink.png in Resources */ = {isa = PBXBuildFile; fileRef = 6D7C090E2B408A9A0052DB99 /* Pink.png */; };
		6D7C09182B408A9A0052DB99 /* Blue Light.png in Resources */ = {isa = PBXBuildFile; fileRef = 6D7C090F2B408A9A0052DB99 /* Blue Light.png */; };
		6D7C09192B408A9A0052DB99 /* Pink Dark.png in Resources */ = {isa = PBXBuildFile; fileRef = 6D7C09102B408A9A0052DB99 /* Pink Dark.png */; };
		6D7C091C2B4090900052DB99 /* ThemeModel.swift in Sources */ = {isa = PBXBuildFile; fileRef = 6D7C091B2B4090900052DB99 /* ThemeModel.swift */; };
		6D7C091E2B4090B50052DB99 /* ThemeData.swift in Sources */ = {isa = PBXBuildFile; fileRef = 6D7C091D2B4090B50052DB99 /* ThemeData.swift */; };
		6D7C09202B4090EF0052DB99 /* ThemeSettings.swift in Sources */ = {isa = PBXBuildFile; fileRef = 6D7C091F2B4090EF0052DB99 /* ThemeSettings.swift */; };
/* End PBXBuildFile section */

/* Begin PBXFileReference section */
		6D7C08E22B3F64AC0052DB99 /* TodoApp.app */ = {isa = PBXFileReference; explicitFileType = wrapper.application; includeInIndex = 0; path = TodoApp.app; sourceTree = BUILT_PRODUCTS_DIR; };
		6D7C08E52B3F64AC0052DB99 /* TodoAppApp.swift */ = {isa = PBXFileReference; lastKnownFileType = sourcecode.swift; path = TodoAppApp.swift; sourceTree = "<group>"; };
		6D7C08E72B3F64AC0052DB99 /* ContentView.swift */ = {isa = PBXFileReference; lastKnownFileType = sourcecode.swift; path = ContentView.swift; sourceTree = "<group>"; };
		6D7C08E92B3F64AD0052DB99 /* Assets.xcassets */ = {isa = PBXFileReference; lastKnownFileType = folder.assetcatalog; path = Assets.xcassets; sourceTree = "<group>"; };
		6D7C08EC2B3F64AD0052DB99 /* Preview Assets.xcassets */ = {isa = PBXFileReference; lastKnownFileType = folder.assetcatalog; path = "Preview Assets.xcassets"; sourceTree = "<group>"; };
		6D7C08EE2B3F64AD0052DB99 /* Persistence.swift */ = {isa = PBXFileReference; lastKnownFileType = sourcecode.swift; path = Persistence.swift; sourceTree = "<group>"; };
		6D7C08F12B3F64AD0052DB99 /* TodoApp.xcdatamodel */ = {isa = PBXFileReference; lastKnownFileType = wrapper.xcdatamodel; path = TodoApp.xcdatamodel; sourceTree = "<group>"; };
		6D7C08F92B3F64D00052DB99 /* AddTodoView.swift */ = {isa = PBXFileReference; lastKnownFileType = sourcecode.swift; path = AddTodoView.swift; sourceTree = "<group>"; };
		6D7C08FE2B40722A0052DB99 /* Info.plist */ = {isa = PBXFileReference; lastKnownFileType = text.plist; path = Info.plist; sourceTree = "<group>"; };
		6D7C08FF2B4072A50052DB99 /* EmtpyListView.swift */ = {isa = PBXFileReference; lastKnownFileType = sourcecode.swift; path = EmtpyListView.swift; sourceTree = "<group>"; };
		6D7C09012B407B8B0052DB99 /* SettingsView.swift */ = {isa = PBXFileReference; lastKnownFileType = sourcecode.swift; path = SettingsView.swift; sourceTree = "<group>"; };
		6D7C09032B40877E0052DB99 /* FormRowStaticView.swift */ = {isa = PBXFileReference; lastKnownFileType = sourcecode.swift; path = FormRowStaticView.swift; sourceTree = "<group>"; };
		6D7C09052B40889B0052DB99 /* FormRowLinkView.swift */ = {isa = PBXFileReference; lastKnownFileType = sourcecode.swift; path = FormRowLinkView.swift; sourceTree = "<group>"; };
		6D7C09082B408A9A0052DB99 /* Blue.png */ = {isa = PBXFileReference; lastKnownFileType = image.png; path = Blue.png; sourceTree = "<group>"; };
		6D7C09092B408A9A0052DB99 /* Green.png */ = {isa = PBXFileReference; lastKnownFileType = image.png; path = Green.png; sourceTree = "<group>"; };
		6D7C090A2B408A9A0052DB99 /* Green Light.png */ = {isa = PBXFileReference; lastKnownFileType = image.png; path = "Green Light.png"; sourceTree = "<group>"; };
		6D7C090B2B408A9A0052DB99 /* Pink Light.png */ = {isa = PBXFileReference; lastKnownFileType = image.png; path = "Pink Light.png"; sourceTree = "<group>"; };
		6D7C090C2B408A9A0052DB99 /* Blue Dark.png */ = {isa = PBXFileReference; lastKnownFileType = image.png; path = "Blue Dark.png"; sourceTree = "<group>"; };
		6D7C090D2B408A9A0052DB99 /* Green Dark.png */ = {isa = PBXFileReference; lastKnownFileType = image.png; path = "Green Dark.png"; sourceTree = "<group>"; };
		6D7C090E2B408A9A0052DB99 /* Pink.png */ = {isa = PBXFileReference; lastKnownFileType = image.png; path = Pink.png; sourceTree = "<group>"; };
		6D7C090F2B408A9A0052DB99 /* Blue Light.png */ = {isa = PBXFileReference; lastKnownFileType = image.png; path = "Blue Light.png"; sourceTree = "<group>"; };
		6D7C09102B408A9A0052DB99 /* Pink Dark.png */ = {isa = PBXFileReference; lastKnownFileType = image.png; path = "Pink Dark.png"; sourceTree = "<group>"; };
		6D7C091B2B4090900052DB99 /* ThemeModel.swift */ = {isa = PBXFileReference; lastKnownFileType = sourcecode.swift; path = ThemeModel.swift; sourceTree = "<group>"; };
		6D7C091D2B4090B50052DB99 /* ThemeData.swift */ = {isa = PBXFileReference; lastKnownFileType = sourcecode.swift; path = ThemeData.swift; sourceTree = "<group>"; };
		6D7C091F2B4090EF0052DB99 /* ThemeSettings.swift */ = {isa = PBXFileReference; lastKnownFileType = sourcecode.swift; path = ThemeSettings.swift; sourceTree = "<group>"; };
/* End PBXFileReference section */

/* Begin PBXFrameworksBuildPhase section */
		6D7C08DF2B3F64AC0052DB99 /* Frameworks */ = {
			isa = PBXFrameworksBuildPhase;
			buildActionMask = 2147483647;
			files = (
			);
			runOnlyForDeploymentPostprocessing = 0;
		};
/* End PBXFrameworksBuildPhase section */

/* Begin PBXGroup section */
		6D7C08D92B3F64AC0052DB99 = {
			isa = PBXGroup;
			children = (
				6D7C08E42B3F64AC0052DB99 /* TodoApp */,
				6D7C08E32B3F64AC0052DB99 /* Products */,
			);
			sourceTree = "<group>";
		};
		6D7C08E32B3F64AC0052DB99 /* Products */ = {
			isa = PBXGroup;
			children = (
				6D7C08E22B3F64AC0052DB99 /* TodoApp.app */,
			);
			name = Products;
			sourceTree = "<group>";
		};
		6D7C08E42B3F64AC0052DB99 /* TodoApp */ = {
			isa = PBXGroup;
			children = (
				6D7C091A2B4090850052DB99 /* Theme */,
				6D7C09072B408A840052DB99 /* Icons */,
				6D7C08FE2B40722A0052DB99 /* Info.plist */,
				6D7C08E52B3F64AC0052DB99 /* TodoAppApp.swift */,
				6D7C08F82B3F64C40052DB99 /* Views */,
				6D7C08E92B3F64AD0052DB99 /* Assets.xcassets */,
				6D7C08EE2B3F64AD0052DB99 /* Persistence.swift */,
				6D7C08F02B3F64AD0052DB99 /* TodoApp.xcdatamodeld */,
				6D7C08EB2B3F64AD0052DB99 /* Preview Content */,
			);
			path = TodoApp;
			sourceTree = "<group>";
		};
		6D7C08EB2B3F64AD0052DB99 /* Preview Content */ = {
			isa = PBXGroup;
			children = (
				6D7C08EC2B3F64AD0052DB99 /* Preview Assets.xcassets */,
			);
			path = "Preview Content";
			sourceTree = "<group>";
		};
		6D7C08F82B3F64C40052DB99 /* Views */ = {
			isa = PBXGroup;
			children = (
				6D7C08E72B3F64AC0052DB99 /* ContentView.swift */,
				6D7C08F92B3F64D00052DB99 /* AddTodoView.swift */,
				6D7C08FF2B4072A50052DB99 /* EmtpyListView.swift */,
				6D7C09012B407B8B0052DB99 /* SettingsView.swift */,
				6D7C09032B40877E0052DB99 /* FormRowStaticView.swift */,
				6D7C09052B40889B0052DB99 /* FormRowLinkView.swift */,
			);
			path = Views;
			sourceTree = "<group>";
		};
		6D7C09072B408A840052DB99 /* Icons */ = {
			isa = PBXGroup;
			children = (
				6D7C090C2B408A9A0052DB99 /* Blue Dark.png */,
				6D7C090F2B408A9A0052DB99 /* Blue Light.png */,
				6D7C09082B408A9A0052DB99 /* Blue.png */,
				6D7C090D2B408A9A0052DB99 /* Green Dark.png */,
				6D7C090A2B408A9A0052DB99 /* Green Light.png */,
				6D7C09092B408A9A0052DB99 /* Green.png */,
				6D7C09102B408A9A0052DB99 /* Pink Dark.png */,
				6D7C090B2B408A9A0052DB99 /* Pink Light.png */,
				6D7C090E2B408A9A0052DB99 /* Pink.png */,
			);
			path = Icons;
			sourceTree = "<group>";
		};
		6D7C091A2B4090850052DB99 /* Theme */ = {
			isa = PBXGroup;
			children = (
				6D7C091B2B4090900052DB99 /* ThemeModel.swift */,
				6D7C091D2B4090B50052DB99 /* ThemeData.swift */,
				6D7C091F2B4090EF0052DB99 /* ThemeSettings.swift */,
			);
			path = Theme;
			sourceTree = "<group>";
		};
/* End PBXGroup section */

/* Begin PBXNativeTarget section */
		6D7C08E12B3F64AC0052DB99 /* TodoApp */ = {
			isa = PBXNativeTarget;
			buildConfigurationList = 6D7C08F52B3F64AD0052DB99 /* Build configuration list for PBXNativeTarget "TodoApp" */;
			buildPhases = (
				6D7C08DE2B3F64AC0052DB99 /* Sources */,
				6D7C08DF2B3F64AC0052DB99 /* Frameworks */,
				6D7C08E02B3F64AC0052DB99 /* Resources */,
			);
			buildRules = (
			);
			dependencies = (
			);
			name = TodoApp;
			productName = TodoApp;
			productReference = 6D7C08E22B3F64AC0052DB99 /* TodoApp.app */;
			productType = "com.apple.product-type.application";
		};
/* End PBXNativeTarget section */

/* Begin PBXProject section */
		6D7C08DA2B3F64AC0052DB99 /* Project object */ = {
			isa = PBXProject;
			attributes = {
				BuildIndependentTargetsInParallel = 1;
				LastSwiftUpdateCheck = 1510;
				LastUpgradeCheck = 1510;
				TargetAttributes = {
					6D7C08E12B3F64AC0052DB99 = {
						CreatedOnToolsVersion = 15.1;
					};
				};
			};
			buildConfigurationList = 6D7C08DD2B3F64AC0052DB99 /* Build configuration list for PBXProject "TodoApp" */;
			compatibilityVersion = "Xcode 14.0";
			developmentRegion = en;
			hasScannedForEncodings = 0;
			knownRegions = (
				en,
				Base,
			);
			mainGroup = 6D7C08D92B3F64AC0052DB99;
			productRefGroup = 6D7C08E32B3F64AC0052DB99 /* Products */;
			projectDirPath = "";
			projectRoot = "";
			targets = (
				6D7C08E12B3F64AC0052DB99 /* TodoApp */,
			);
		};
/* End PBXProject section */

/* Begin PBXResourcesBuildPhase section */
		6D7C08E02B3F64AC0052DB99 /* Resources */ = {
			isa = PBXResourcesBuildPhase;
			buildActionMask = 2147483647;
			files = (
				6D7C09172B408A9A0052DB99 /* Pink.png in Resources */,
				6D7C09112B408A9A0052DB99 /* Blue.png in Resources */,
				6D7C09122B408A9A0052DB99 /* Green.png in Resources */,
				6D7C09182B408A9A0052DB99 /* Blue Light.png in Resources */,
				6D7C08ED2B3F64AD0052DB99 /* Preview Assets.xcassets in Resources */,
				6D7C08EA2B3F64AD0052DB99 /* Assets.xcassets in Resources */,
				6D7C09162B408A9A0052DB99 /* Green Dark.png in Resources */,
				6D7C09132B408A9A0052DB99 /* Green Light.png in Resources */,
				6D7C09152B408A9A0052DB99 /* Blue Dark.png in Resources */,
				6D7C09192B408A9A0052DB99 /* Pink Dark.png in Resources */,
				6D7C09142B408A9A0052DB99 /* Pink Light.png in Resources */,
			);
			runOnlyForDeploymentPostprocessing = 0;
		};
/* End PBXResourcesBuildPhase section */

/* Begin PBXSourcesBuildPhase section */
		6D7C08DE2B3F64AC0052DB99 /* Sources */ = {
			isa = PBXSourcesBuildPhase;
			buildActionMask = 2147483647;
			files = (
				6D7C09022B407B8B0052DB99 /* SettingsView.swift in Sources */,
				6D7C09042B40877E0052DB99 /* FormRowStaticView.swift in Sources */,
				6D7C09062B40889B0052DB99 /* FormRowLinkView.swift in Sources */,
				6D7C091E2B4090B50052DB99 /* ThemeData.swift in Sources */,
				6D7C09002B4072A50052DB99 /* EmtpyListView.swift in Sources */,
				6D7C08EF2B3F64AD0052DB99 /* Persistence.swift in Sources */,
				6D7C09202B4090EF0052DB99 /* ThemeSettings.swift in Sources */,
				6D7C08E82B3F64AC0052DB99 /* ContentView.swift in Sources */,
				6D7C08E62B3F64AC0052DB99 /* TodoAppApp.swift in Sources */,
				6D7C091C2B4090900052DB99 /* ThemeModel.swift in Sources */,
				6D7C08F22B3F64AD0052DB99 /* TodoApp.xcdatamodeld in Sources */,
				6D7C08FA2B3F64D00052DB99 /* AddTodoView.swift in Sources */,
			);
			runOnlyForDeploymentPostprocessing = 0;
		};
/* End PBXSourcesBuildPhase section */

/* Begin XCBuildConfiguration section */
		6D7C08F32B3F64AD0052DB99 /* Debug */ = {
			isa = XCBuildConfiguration;
			buildSettings = {
				ALWAYS_SEARCH_USER_PATHS = NO;
				ASSETCATALOG_COMPILER_GENERATE_SWIFT_ASSET_SYMBOL_EXTENSIONS = YES;
				CLANG_ANALYZER_NONNULL = YES;
				CLANG_ANALYZER_NUMBER_OBJECT_CONVERSION = YES_AGGRESSIVE;
				CLANG_CXX_LANGUAGE_STANDARD = "gnu++20";
				CLANG_ENABLE_MODULES = YES;
				CLANG_ENABLE_OBJC_ARC = YES;
				CLANG_ENABLE_OBJC_WEAK = YES;
				CLANG_WARN_BLOCK_CAPTURE_AUTORELEASING = YES;
				CLANG_WARN_BOOL_CONVERSION = YES;
				CLANG_WARN_COMMA = YES;
				CLANG_WARN_CONSTANT_CONVERSION = YES;
				CLANG_WARN_DEPRECATED_OBJC_IMPLEMENTATIONS = YES;
				CLANG_WARN_DIRECT_OBJC_ISA_USAGE = YES_ERROR;
				CLANG_WARN_DOCUMENTATION_COMMENTS = YES;
				CLANG_WARN_EMPTY_BODY = YES;
				CLANG_WARN_ENUM_CONVERSION = YES;
				CLANG_WARN_INFINITE_RECURSION = YES;
				CLANG_WARN_INT_CONVERSION = YES;
				CLANG_WARN_NON_LITERAL_NULL_CONVERSION = YES;
				CLANG_WARN_OBJC_IMPLICIT_RETAIN_SELF = YES;
				CLANG_WARN_OBJC_LITERAL_CONVERSION = YES;
				CLANG_WARN_OBJC_ROOT_CLASS = YES_ERROR;
				CLANG_WARN_QUOTED_INCLUDE_IN_FRAMEWORK_HEADER = YES;
				CLANG_WARN_RANGE_LOOP_ANALYSIS = YES;
				CLANG_WARN_STRICT_PROTOTYPES = YES;
				CLANG_WARN_SUSPICIOUS_MOVE = YES;
				CLANG_WARN_UNGUARDED_AVAILABILITY = YES_AGGRESSIVE;
				CLANG_WARN_UNREACHABLE_CODE = YES;
				CLANG_WARN__DUPLICATE_METHOD_MATCH = YES;
				COPY_PHASE_STRIP = NO;
				DEBUG_INFORMATION_FORMAT = dwarf;
				ENABLE_STRICT_OBJC_MSGSEND = YES;
				ENABLE_TESTABILITY = YES;
				ENABLE_USER_SCRIPT_SANDBOXING = YES;
				GCC_C_LANGUAGE_STANDARD = gnu17;
				GCC_DYNAMIC_NO_PIC = NO;
				GCC_NO_COMMON_BLOCKS = YES;
				GCC_OPTIMIZATION_LEVEL = 0;
				GCC_PREPROCESSOR_DEFINITIONS = (
					"DEBUG=1",
					"$(inherited)",
				);
				GCC_WARN_64_TO_32_BIT_CONVERSION = YES;
				GCC_WARN_ABOUT_RETURN_TYPE = YES_ERROR;
				GCC_WARN_UNDECLARED_SELECTOR = YES;
				GCC_WARN_UNINITIALIZED_AUTOS = YES_AGGRESSIVE;
				GCC_WARN_UNUSED_FUNCTION = YES;
				GCC_WARN_UNUSED_VARIABLE = YES;
				IPHONEOS_DEPLOYMENT_TARGET = 17.2;
				LOCALIZATION_PREFERS_STRING_CATALOGS = YES;
				MTL_ENABLE_DEBUG_INFO = INCLUDE_SOURCE;
				MTL_FAST_MATH = YES;
				ONLY_ACTIVE_ARCH = YES;
				SDKROOT = iphoneos;
				SWIFT_ACTIVE_COMPILATION_CONDITIONS = "DEBUG $(inherited)";
				SWIFT_OPTIMIZATION_LEVEL = "-Onone";
			};
			name = Debug;
		};
		6D7C08F42B3F64AD0052DB99 /* Release */ = {
			isa = XCBuildConfiguration;
			buildSettings = {
				ALWAYS_SEARCH_USER_PATHS = NO;
				ASSETCATALOG_COMPILER_GENERATE_SWIFT_ASSET_SYMBOL_EXTENSIONS = YES;
				CLANG_ANALYZER_NONNULL = YES;
				CLANG_ANALYZER_NUMBER_OBJECT_CONVERSION = YES_AGGRESSIVE;
				CLANG_CXX_LANGUAGE_STANDARD = "gnu++20";
				CLANG_ENABLE_MODULES = YES;
				CLANG_ENABLE_OBJC_ARC = YES;
				CLANG_ENABLE_OBJC_WEAK = YES;
				CLANG_WARN_BLOCK_CAPTURE_AUTORELEASING = YES;
				CLANG_WARN_BOOL_CONVERSION = YES;
				CLANG_WARN_COMMA = YES;
				CLANG_WARN_CONSTANT_CONVERSION = YES;
				CLANG_WARN_DEPRECATED_OBJC_IMPLEMENTATIONS = YES;
				CLANG_WARN_DIRECT_OBJC_ISA_USAGE = YES_ERROR;
				CLANG_WARN_DOCUMENTATION_COMMENTS = YES;
				CLANG_WARN_EMPTY_BODY = YES;
				CLANG_WARN_ENUM_CONVERSION = YES;
				CLANG_WARN_INFINITE_RECURSION = YES;
				CLANG_WARN_INT_CONVERSION = YES;
				CLANG_WARN_NON_LITERAL_NULL_CONVERSION = YES;
				CLANG_WARN_OBJC_IMPLICIT_RETAIN_SELF = YES;
				CLANG_WARN_OBJC_LITERAL_CONVERSION = YES;
				CLANG_WARN_OBJC_ROOT_CLASS = YES_ERROR;
				CLANG_WARN_QUOTED_INCLUDE_IN_FRAMEWORK_HEADER = YES;
				CLANG_WARN_RANGE_LOOP_ANALYSIS = YES;
				CLANG_WARN_STRICT_PROTOTYPES = YES;
				CLANG_WARN_SUSPICIOUS_MOVE = YES;
				CLANG_WARN_UNGUARDED_AVAILABILITY = YES_AGGRESSIVE;
				CLANG_WARN_UNREACHABLE_CODE = YES;
				CLANG_WARN__DUPLICATE_METHOD_MATCH = YES;
				COPY_PHASE_STRIP = NO;
				DEBUG_INFORMATION_FORMAT = "dwarf-with-dsym";
				ENABLE_NS_ASSERTIONS = NO;
				ENABLE_STRICT_OBJC_MSGSEND = YES;
				ENABLE_USER_SCRIPT_SANDBOXING = YES;
				GCC_C_LANGUAGE_STANDARD = gnu17;
				GCC_NO_COMMON_BLOCKS = YES;
				GCC_WARN_64_TO_32_BIT_CONVERSION = YES;
				GCC_WARN_ABOUT_RETURN_TYPE = YES_ERROR;
				GCC_WARN_UNDECLARED_SELECTOR = YES;
				GCC_WARN_UNINITIALIZED_AUTOS = YES_AGGRESSIVE;
				GCC_WARN_UNUSED_FUNCTION = YES;
				GCC_WARN_UNUSED_VARIABLE = YES;
				IPHONEOS_DEPLOYMENT_TARGET = 17.2;
				LOCALIZATION_PREFERS_STRING_CATALOGS = YES;
				MTL_ENABLE_DEBUG_INFO = NO;
				MTL_FAST_MATH = YES;
				SDKROOT = iphoneos;
				SWIFT_COMPILATION_MODE = wholemodule;
				VALIDATE_PRODUCT = YES;
			};
			name = Release;
		};
		6D7C08F62B3F64AD0052DB99 /* Debug */ = {
			isa = XCBuildConfiguration;
			buildSettings = {
				ASSETCATALOG_COMPILER_APPICON_NAME = AppIcon;
				ASSETCATALOG_COMPILER_GLOBAL_ACCENT_COLOR_NAME = AccentColor;
				CODE_SIGN_STYLE = Automatic;
				CURRENT_PROJECT_VERSION = 1;
				DEVELOPMENT_ASSET_PATHS = "\"TodoApp/Preview Content\"";
				DEVELOPMENT_TEAM = 4QACZ8W556;
				ENABLE_PREVIEWS = YES;
				GENERATE_INFOPLIST_FILE = YES;
				INFOPLIST_FILE = TodoApp/Info.plist;
				INFOPLIST_KEY_UIApplicationSceneManifest_Generation = YES;
				INFOPLIST_KEY_UIApplicationSupportsIndirectInputEvents = YES;
				INFOPLIST_KEY_UISupportedInterfaceOrientations = UIInterfaceOrientationPortrait;
				INFOPLIST_KEY_UISupportedInterfaceOrientations_iPad = "UIInterfaceOrientationLandscapeLeft UIInterfaceOrientationLandscapeRight UIInterfaceOrientationPortrait UIInterfaceOrientationPortraitUpsideDown";
				LD_RUNPATH_SEARCH_PATHS = (
					"$(inherited)",
					"@executable_path/Frameworks",
				);
				MARKETING_VERSION = 1.0;
				PRODUCT_BUNDLE_IDENTIFIER = com.donosoDiaz.TodoApp;
				PRODUCT_NAME = "$(TARGET_NAME)";
				SWIFT_EMIT_LOC_STRINGS = YES;
				SWIFT_VERSION = 5.0;
				TARGETED_DEVICE_FAMILY = "1,2";
			};
			name = Debug;
		};
		6D7C08F72B3F64AD0052DB99 /* Release */ = {
			isa = XCBuildConfiguration;
			buildSettings = {
				ASSETCATALOG_COMPILER_APPICON_NAME = AppIcon;
				ASSETCATALOG_COMPILER_GLOBAL_ACCENT_COLOR_NAME = AccentColor;
				CODE_SIGN_STYLE = Automatic;
				CURRENT_PROJECT_VERSION = 1;
				DEVELOPMENT_ASSET_PATHS = "\"TodoApp/Preview Content\"";
				DEVELOPMENT_TEAM = 4QACZ8W556;
				ENABLE_PREVIEWS = YES;
				GENERATE_INFOPLIST_FILE = YES;
				INFOPLIST_FILE = TodoApp/Info.plist;
				INFOPLIST_KEY_UIApplicationSceneManifest_Generation = YES;
				INFOPLIST_KEY_UIApplicationSupportsIndirectInputEvents = YES;
				INFOPLIST_KEY_UISupportedInterfaceOrientations = UIInterfaceOrientationPortrait;
				INFOPLIST_KEY_UISupportedInterfaceOrientations_iPad = "UIInterfaceOrientationLandscapeLeft UIInterfaceOrientationLandscapeRight UIInterfaceOrientationPortrait UIInterfaceOrientationPortraitUpsideDown";
				LD_RUNPATH_SEARCH_PATHS = (
					"$(inherited)",
					"@executable_path/Frameworks",
				);
				MARKETING_VERSION = 1.0;
				PRODUCT_BUNDLE_IDENTIFIER = com.donosoDiaz.TodoApp;
				PRODUCT_NAME = "$(TARGET_NAME)";
				SWIFT_EMIT_LOC_STRINGS = YES;
				SWIFT_VERSION = 5.0;
				TARGETED_DEVICE_FAMILY = "1,2";
			};
			name = Release;
		};
/* End XCBuildConfiguration section */

/* Begin XCConfigurationList section */
		6D7C08DD2B3F64AC0052DB99 /* Build configuration list for PBXProject "TodoApp" */ = {
			isa = XCConfigurationList;
			buildConfigurations = (
				6D7C08F32B3F64AD0052DB99 /* Debug */,
				6D7C08F42B3F64AD0052DB99 /* Release */,
			);
			defaultConfigurationIsVisible = 0;
			defaultConfigurationName = Release;
		};
		6D7C08F52B3F64AD0052DB99 /* Build configuration list for PBXNativeTarget "TodoApp" */ = {
			isa = XCConfigurationList;
			buildConfigurations = (
				6D7C08F62B3F64AD0052DB99 /* Debug */,
				6D7C08F72B3F64AD0052DB99 /* Release */,
			);
			defaultConfigurationIsVisible = 0;
			defaultConfigurationName = Release;
		};
/* End XCConfigurationList section */

/* Begin XCVersionGroup section */
		6D7C08F02B3F64AD0052DB99 /* TodoApp.xcdatamodeld */ = {
			isa = XCVersionGroup;
			children = (
				6D7C08F12B3F64AD0052DB99 /* TodoApp.xcdatamodel */,
			);
			currentVersion = 6D7C08F12B3F64AD0052DB99 /* TodoApp.xcdatamodel */;
			path = TodoApp.xcdatamodeld;
			sourceTree = "<group>";
			versionGroupType = wrapper.xcdatamodel;
		};
/* End XCVersionGroup section */
	};
	rootObject = 6D7C08DA2B3F64AC0052DB99 /* Project object */;
}
